// !$*UTF8*$!
{
	archiveVersion = 1;
	classes = {
	};
	objectVersion = 46;
	objects = {

/* Begin PBXBuildFile section */
		460E3EE1172EF7AF009CF6CA /* SefiratHaomer.m in Sources */ = {isa = PBXBuildFile; fileRef = 460E3EC9172EF7AF009CF6CA /* SefiratHaomer.m */; };
		460E3EE2172EF7AF009CF6CA /* SefiratHaomer.m in Sources */ = {isa = PBXBuildFile; fileRef = 460E3EC9172EF7AF009CF6CA /* SefiratHaomer.m */; };
		460E3EE3172EF7AF009CF6CA /* ParashatHashavua.m in Sources */ = {isa = PBXBuildFile; fileRef = 460E3ECB172EF7AF009CF6CA /* ParashatHashavua.m */; };
		460E3EE4172EF7AF009CF6CA /* ParashatHashavua.m in Sources */ = {isa = PBXBuildFile; fileRef = 460E3ECB172EF7AF009CF6CA /* ParashatHashavua.m */; };
		460E3EE5172EF7AF009CF6CA /* trigonometry.c in Sources */ = {isa = PBXBuildFile; fileRef = 460E3ECF172EF7AF009CF6CA /* trigonometry.c */; };
		460E3EE6172EF7AF009CF6CA /* trigonometry.c in Sources */ = {isa = PBXBuildFile; fileRef = 460E3ECF172EF7AF009CF6CA /* trigonometry.c */; };
		460E3EE7172EF7AF009CF6CA /* AstronomicalCalculator.m in Sources */ = {isa = PBXBuildFile; fileRef = 460E3ED3172EF7AF009CF6CA /* AstronomicalCalculator.m */; };
		460E3EE8172EF7AF009CF6CA /* AstronomicalCalculator.m in Sources */ = {isa = PBXBuildFile; fileRef = 460E3ED3172EF7AF009CF6CA /* AstronomicalCalculator.m */; };
		460E3EE9172EF7AF009CF6CA /* AstronomicalCalendar.m in Sources */ = {isa = PBXBuildFile; fileRef = 460E3ED5172EF7AF009CF6CA /* AstronomicalCalendar.m */; };
		460E3EEA172EF7AF009CF6CA /* AstronomicalCalendar.m in Sources */ = {isa = PBXBuildFile; fileRef = 460E3ED5172EF7AF009CF6CA /* AstronomicalCalendar.m */; };
		460E3EEB172EF7AF009CF6CA /* EarthViewer.m in Sources */ = {isa = PBXBuildFile; fileRef = 460E3ED7172EF7AF009CF6CA /* EarthViewer.m */; };
		460E3EEC172EF7AF009CF6CA /* EarthViewer.m in Sources */ = {isa = PBXBuildFile; fileRef = 460E3ED7172EF7AF009CF6CA /* EarthViewer.m */; };
		460E3EED172EF7AF009CF6CA /* GeoLocation.m in Sources */ = {isa = PBXBuildFile; fileRef = 460E3ED9172EF7AF009CF6CA /* GeoLocation.m */; };
		460E3EEE172EF7AF009CF6CA /* GeoLocation.m in Sources */ = {isa = PBXBuildFile; fileRef = 460E3ED9172EF7AF009CF6CA /* GeoLocation.m */; };
		460E3EEF172EF7AF009CF6CA /* SunriseAndSunset.m in Sources */ = {isa = PBXBuildFile; fileRef = 460E3EDB172EF7AF009CF6CA /* SunriseAndSunset.m */; };
		460E3EF0172EF7AF009CF6CA /* SunriseAndSunset.m in Sources */ = {isa = PBXBuildFile; fileRef = 460E3EDB172EF7AF009CF6CA /* SunriseAndSunset.m */; };
		460E3EF1172EF7AF009CF6CA /* ComplexZmanimCalendar.m in Sources */ = {isa = PBXBuildFile; fileRef = 460E3EDE172EF7AF009CF6CA /* ComplexZmanimCalendar.m */; };
		460E3EF2172EF7AF009CF6CA /* ComplexZmanimCalendar.m in Sources */ = {isa = PBXBuildFile; fileRef = 460E3EDE172EF7AF009CF6CA /* ComplexZmanimCalendar.m */; };
		460E3EF3172EF7AF009CF6CA /* ZmanimCalendar.m in Sources */ = {isa = PBXBuildFile; fileRef = 460E3EE0172EF7AF009CF6CA /* ZmanimCalendar.m */; };
		460E3EF4172EF7AF009CF6CA /* ZmanimCalendar.m in Sources */ = {isa = PBXBuildFile; fileRef = 460E3EE0172EF7AF009CF6CA /* ZmanimCalendar.m */; };
		460E3F0C172F07E6009CF6CA /* NSCalendar+Components.m in Sources */ = {isa = PBXBuildFile; fileRef = 460E3EFA172F07E6009CF6CA /* NSCalendar+Components.m */; };
		460E3F0D172F07E6009CF6CA /* NSCalendar+Components.m in Sources */ = {isa = PBXBuildFile; fileRef = 460E3EFA172F07E6009CF6CA /* NSCalendar+Components.m */; };
		460E3F0E172F07E6009CF6CA /* NSCalendar+DateComparison.m in Sources */ = {isa = PBXBuildFile; fileRef = 460E3EFC172F07E6009CF6CA /* NSCalendar+DateComparison.m */; };
		460E3F0F172F07E6009CF6CA /* NSCalendar+DateComparison.m in Sources */ = {isa = PBXBuildFile; fileRef = 460E3EFC172F07E6009CF6CA /* NSCalendar+DateComparison.m */; };
		460E3F10172F07E6009CF6CA /* NSCalendar+DateManipulation.m in Sources */ = {isa = PBXBuildFile; fileRef = 460E3EFE172F07E6009CF6CA /* NSCalendar+DateManipulation.m */; };
		460E3F11172F07E6009CF6CA /* NSCalendar+DateManipulation.m in Sources */ = {isa = PBXBuildFile; fileRef = 460E3EFE172F07E6009CF6CA /* NSCalendar+DateManipulation.m */; };
		460E3F12172F07E6009CF6CA /* NSCalendar+Juncture.m in Sources */ = {isa = PBXBuildFile; fileRef = 460E3F00172F07E6009CF6CA /* NSCalendar+Juncture.m */; };
		460E3F13172F07E6009CF6CA /* NSCalendar+Juncture.m in Sources */ = {isa = PBXBuildFile; fileRef = 460E3F00172F07E6009CF6CA /* NSCalendar+Juncture.m */; };
		460E3F14172F07E6009CF6CA /* NSCalendar+Ranges.m in Sources */ = {isa = PBXBuildFile; fileRef = 460E3F02172F07E6009CF6CA /* NSCalendar+Ranges.m */; };
		460E3F15172F07E6009CF6CA /* NSCalendar+Ranges.m in Sources */ = {isa = PBXBuildFile; fileRef = 460E3F02172F07E6009CF6CA /* NSCalendar+Ranges.m */; };
		460E3F16172F07E6009CF6CA /* NSDate+Components.m in Sources */ = {isa = PBXBuildFile; fileRef = 460E3F05172F07E6009CF6CA /* NSDate+Components.m */; };
		460E3F17172F07E6009CF6CA /* NSDate+Components.m in Sources */ = {isa = PBXBuildFile; fileRef = 460E3F05172F07E6009CF6CA /* NSDate+Components.m */; };
		460E3F18172F07E6009CF6CA /* NSDate+Description.m in Sources */ = {isa = PBXBuildFile; fileRef = 460E3F07172F07E6009CF6CA /* NSDate+Description.m */; };
		460E3F19172F07E6009CF6CA /* NSDate+Description.m in Sources */ = {isa = PBXBuildFile; fileRef = 460E3F07172F07E6009CF6CA /* NSDate+Description.m */; };
		460E3F1A172F07E6009CF6CA /* NSDateComponents+AllComponents.m in Sources */ = {isa = PBXBuildFile; fileRef = 460E3F09172F07E6009CF6CA /* NSDateComponents+AllComponents.m */; };
		460E3F1B172F07E6009CF6CA /* NSDateComponents+AllComponents.m in Sources */ = {isa = PBXBuildFile; fileRef = 460E3F09172F07E6009CF6CA /* NSDateComponents+AllComponents.m */; };
		4618BB891664216E00AD3CE5 /* Foundation.framework in Frameworks */ = {isa = PBXBuildFile; fileRef = 4618BB881664216E00AD3CE5 /* Foundation.framework */; };
		4618BB8E1664216E00AD3CE5 /* KosherCocoa.h in CopyFiles */ = {isa = PBXBuildFile; fileRef = 4618BB8D1664216E00AD3CE5 /* KosherCocoa.h */; };
		4618BB901664216E00AD3CE5 /* KosherCocoa.m in Sources */ = {isa = PBXBuildFile; fileRef = 4618BB8F1664216E00AD3CE5 /* KosherCocoa.m */; };
		4618BB981664216F00AD3CE5 /* SenTestingKit.framework in Frameworks */ = {isa = PBXBuildFile; fileRef = 4618BB971664216F00AD3CE5 /* SenTestingKit.framework */; };
		4618BB9A1664216F00AD3CE5 /* UIKit.framework in Frameworks */ = {isa = PBXBuildFile; fileRef = 4618BB991664216F00AD3CE5 /* UIKit.framework */; };
		4618BB9B1664216F00AD3CE5 /* Foundation.framework in Frameworks */ = {isa = PBXBuildFile; fileRef = 4618BB881664216E00AD3CE5 /* Foundation.framework */; };
		4618BB9E1664216F00AD3CE5 /* libKosherCocoa.a in Frameworks */ = {isa = PBXBuildFile; fileRef = 4618BB851664216E00AD3CE5 /* libKosherCocoa.a */; };
		4618BBA41664216F00AD3CE5 /* InfoPlist.strings in Resources */ = {isa = PBXBuildFile; fileRef = 4618BBA21664216F00AD3CE5 /* InfoPlist.strings */; };
		4618BBA71664216F00AD3CE5 /* KosherCocoaTests.m in Sources */ = {isa = PBXBuildFile; fileRef = 4618BBA61664216F00AD3CE5 /* KosherCocoaTests.m */; };
		46B4548A173C026A00104D2D /* NSCalendar+hebrewYearTypes.m in Sources */ = {isa = PBXBuildFile; fileRef = 46B45489173C026A00104D2D /* NSCalendar+hebrewYearTypes.m */; };
		46B4548B173C026A00104D2D /* NSCalendar+hebrewYearTypes.m in Sources */ = {isa = PBXBuildFile; fileRef = 46B45489173C026A00104D2D /* NSCalendar+hebrewYearTypes.m */; };
/* End PBXBuildFile section */

/* Begin PBXContainerItemProxy section */
		4618BB9C1664216F00AD3CE5 /* PBXContainerItemProxy */ = {
			isa = PBXContainerItemProxy;
			containerPortal = 4618BB7C1664216E00AD3CE5 /* Project object */;
			proxyType = 1;
			remoteGlobalIDString = 4618BB841664216E00AD3CE5;
			remoteInfo = KosherCocoa;
		};
/* End PBXContainerItemProxy section */

/* Begin PBXCopyFilesBuildPhase section */
		4618BB831664216E00AD3CE5 /* CopyFiles */ = {
			isa = PBXCopyFilesBuildPhase;
			buildActionMask = 2147483647;
			dstPath = "include/${PRODUCT_NAME}";
			dstSubfolderSpec = 16;
			files = (
				4618BB8E1664216E00AD3CE5 /* KosherCocoa.h in CopyFiles */,
			);
			runOnlyForDeploymentPostprocessing = 0;
		};
/* End PBXCopyFilesBuildPhase section */

/* Begin PBXFileReference section */
		460E3EC8172EF7AF009CF6CA /* SefiratHaomer.h */ = {isa = PBXFileReference; fileEncoding = 4; lastKnownFileType = sourcecode.c.h; path = SefiratHaomer.h; sourceTree = "<group>"; };
		460E3EC9172EF7AF009CF6CA /* SefiratHaomer.m */ = {isa = PBXFileReference; fileEncoding = 4; lastKnownFileType = sourcecode.c.objc; path = SefiratHaomer.m; sourceTree = "<group>"; };
		460E3ECA172EF7AF009CF6CA /* ParashatHashavua.h */ = {isa = PBXFileReference; fileEncoding = 4; lastKnownFileType = sourcecode.c.h; path = ParashatHashavua.h; sourceTree = "<group>"; };
		460E3ECB172EF7AF009CF6CA /* ParashatHashavua.m */ = {isa = PBXFileReference; fileEncoding = 4; lastKnownFileType = sourcecode.c.objc; path = ParashatHashavua.m; sourceTree = "<group>"; };
		460E3ECD172EF7AF009CF6CA /* KosherCocoaConstants.h */ = {isa = PBXFileReference; fileEncoding = 4; lastKnownFileType = sourcecode.c.h; name = KosherCocoaConstants.h; path = Headers/KosherCocoaConstants.h; sourceTree = "<group>"; };
		460E3ECF172EF7AF009CF6CA /* trigonometry.c */ = {isa = PBXFileReference; fileEncoding = 4; lastKnownFileType = sourcecode.c.c; path = trigonometry.c; sourceTree = "<group>"; };
		460E3ED0172EF7AF009CF6CA /* trigonometry.h */ = {isa = PBXFileReference; fileEncoding = 4; lastKnownFileType = sourcecode.c.h; path = trigonometry.h; sourceTree = "<group>"; };
		460E3ED2172EF7AF009CF6CA /* AstronomicalCalculator.h */ = {isa = PBXFileReference; fileEncoding = 4; lastKnownFileType = sourcecode.c.h; path = AstronomicalCalculator.h; sourceTree = "<group>"; };
		460E3ED3172EF7AF009CF6CA /* AstronomicalCalculator.m */ = {isa = PBXFileReference; fileEncoding = 4; lastKnownFileType = sourcecode.c.objc; path = AstronomicalCalculator.m; sourceTree = "<group>"; };
		460E3ED4172EF7AF009CF6CA /* AstronomicalCalendar.h */ = {isa = PBXFileReference; fileEncoding = 4; lastKnownFileType = sourcecode.c.h; path = AstronomicalCalendar.h; sourceTree = "<group>"; };
		460E3ED5172EF7AF009CF6CA /* AstronomicalCalendar.m */ = {isa = PBXFileReference; fileEncoding = 4; lastKnownFileType = sourcecode.c.objc; path = AstronomicalCalendar.m; sourceTree = "<group>"; };
		460E3ED6172EF7AF009CF6CA /* EarthViewer.h */ = {isa = PBXFileReference; fileEncoding = 4; lastKnownFileType = sourcecode.c.h; path = EarthViewer.h; sourceTree = "<group>"; };
		460E3ED7172EF7AF009CF6CA /* EarthViewer.m */ = {isa = PBXFileReference; fileEncoding = 4; lastKnownFileType = sourcecode.c.objc; path = EarthViewer.m; sourceTree = "<group>"; };
		460E3ED8172EF7AF009CF6CA /* GeoLocation.h */ = {isa = PBXFileReference; fileEncoding = 4; lastKnownFileType = sourcecode.c.h; path = GeoLocation.h; sourceTree = "<group>"; };
		460E3ED9172EF7AF009CF6CA /* GeoLocation.m */ = {isa = PBXFileReference; fileEncoding = 4; lastKnownFileType = sourcecode.c.objc; path = GeoLocation.m; sourceTree = "<group>"; };
		460E3EDA172EF7AF009CF6CA /* SunriseAndSunset.h */ = {isa = PBXFileReference; fileEncoding = 4; lastKnownFileType = sourcecode.c.h; path = SunriseAndSunset.h; sourceTree = "<group>"; };
		460E3EDB172EF7AF009CF6CA /* SunriseAndSunset.m */ = {isa = PBXFileReference; fileEncoding = 4; lastKnownFileType = sourcecode.c.objc; path = SunriseAndSunset.m; sourceTree = "<group>"; };
		460E3EDD172EF7AF009CF6CA /* ComplexZmanimCalendar.h */ = {isa = PBXFileReference; fileEncoding = 4; lastKnownFileType = sourcecode.c.h; path = ComplexZmanimCalendar.h; sourceTree = "<group>"; };
		460E3EDE172EF7AF009CF6CA /* ComplexZmanimCalendar.m */ = {isa = PBXFileReference; fileEncoding = 4; lastKnownFileType = sourcecode.c.objc; path = ComplexZmanimCalendar.m; sourceTree = "<group>"; };
		460E3EDF172EF7AF009CF6CA /* ZmanimCalendar.h */ = {isa = PBXFileReference; fileEncoding = 4; lastKnownFileType = sourcecode.c.h; path = ZmanimCalendar.h; sourceTree = "<group>"; };
		460E3EE0172EF7AF009CF6CA /* ZmanimCalendar.m */ = {isa = PBXFileReference; fileEncoding = 4; lastKnownFileType = sourcecode.c.objc; path = ZmanimCalendar.m; sourceTree = "<group>"; };
		460E3EF7172F07E6009CF6CA /* MBCalendarCategories.h */ = {isa = PBXFileReference; fileEncoding = 4; lastKnownFileType = sourcecode.c.h; lineEnding = 0; path = MBCalendarCategories.h; sourceTree = "<group>"; xcLanguageSpecificationIdentifier = xcode.lang.objcpp; };
		460E3EF9172F07E6009CF6CA /* NSCalendar+Components.h */ = {isa = PBXFileReference; fileEncoding = 4; lastKnownFileType = sourcecode.c.h; lineEnding = 0; path = "NSCalendar+Components.h"; sourceTree = "<group>"; xcLanguageSpecificationIdentifier = xcode.lang.objcpp; };
		460E3EFA172F07E6009CF6CA /* NSCalendar+Components.m */ = {isa = PBXFileReference; fileEncoding = 4; lastKnownFileType = sourcecode.c.objc; lineEnding = 0; path = "NSCalendar+Components.m"; sourceTree = "<group>"; xcLanguageSpecificationIdentifier = xcode.lang.objc; };
		460E3EFB172F07E6009CF6CA /* NSCalendar+DateComparison.h */ = {isa = PBXFileReference; fileEncoding = 4; lastKnownFileType = sourcecode.c.h; lineEnding = 0; path = "NSCalendar+DateComparison.h"; sourceTree = "<group>"; xcLanguageSpecificationIdentifier = xcode.lang.objcpp; };
		460E3EFC172F07E6009CF6CA /* NSCalendar+DateComparison.m */ = {isa = PBXFileReference; fileEncoding = 4; lastKnownFileType = sourcecode.c.objc; lineEnding = 0; path = "NSCalendar+DateComparison.m"; sourceTree = "<group>"; xcLanguageSpecificationIdentifier = xcode.lang.objc; };
		460E3EFD172F07E6009CF6CA /* NSCalendar+DateManipulation.h */ = {isa = PBXFileReference; fileEncoding = 4; lastKnownFileType = sourcecode.c.h; lineEnding = 0; path = "NSCalendar+DateManipulation.h"; sourceTree = "<group>"; xcLanguageSpecificationIdentifier = xcode.lang.objcpp; };
		460E3EFE172F07E6009CF6CA /* NSCalendar+DateManipulation.m */ = {isa = PBXFileReference; fileEncoding = 4; lastKnownFileType = sourcecode.c.objc; lineEnding = 0; path = "NSCalendar+DateManipulation.m"; sourceTree = "<group>"; xcLanguageSpecificationIdentifier = xcode.lang.objc; };
		460E3EFF172F07E6009CF6CA /* NSCalendar+Juncture.h */ = {isa = PBXFileReference; fileEncoding = 4; lastKnownFileType = sourcecode.c.h; lineEnding = 0; path = "NSCalendar+Juncture.h"; sourceTree = "<group>"; xcLanguageSpecificationIdentifier = xcode.lang.objcpp; };
		460E3F00172F07E6009CF6CA /* NSCalendar+Juncture.m */ = {isa = PBXFileReference; fileEncoding = 4; lastKnownFileType = sourcecode.c.objc; lineEnding = 0; path = "NSCalendar+Juncture.m"; sourceTree = "<group>"; xcLanguageSpecificationIdentifier = xcode.lang.objc; };
		460E3F01172F07E6009CF6CA /* NSCalendar+Ranges.h */ = {isa = PBXFileReference; fileEncoding = 4; lastKnownFileType = sourcecode.c.h; lineEnding = 0; path = "NSCalendar+Ranges.h"; sourceTree = "<group>"; xcLanguageSpecificationIdentifier = xcode.lang.objcpp; };
		460E3F02172F07E6009CF6CA /* NSCalendar+Ranges.m */ = {isa = PBXFileReference; fileEncoding = 4; lastKnownFileType = sourcecode.c.objc; lineEnding = 0; path = "NSCalendar+Ranges.m"; sourceTree = "<group>"; xcLanguageSpecificationIdentifier = xcode.lang.objc; };
		460E3F04172F07E6009CF6CA /* NSDate+Components.h */ = {isa = PBXFileReference; fileEncoding = 4; lastKnownFileType = sourcecode.c.h; lineEnding = 0; path = "NSDate+Components.h"; sourceTree = "<group>"; xcLanguageSpecificationIdentifier = xcode.lang.objcpp; };
		460E3F05172F07E6009CF6CA /* NSDate+Components.m */ = {isa = PBXFileReference; fileEncoding = 4; lastKnownFileType = sourcecode.c.objc; lineEnding = 0; path = "NSDate+Components.m"; sourceTree = "<group>"; xcLanguageSpecificationIdentifier = xcode.lang.objc; };
		460E3F06172F07E6009CF6CA /* NSDate+Description.h */ = {isa = PBXFileReference; fileEncoding = 4; lastKnownFileType = sourcecode.c.h; lineEnding = 0; path = "NSDate+Description.h"; sourceTree = "<group>"; xcLanguageSpecificationIdentifier = xcode.lang.objcpp; };
		460E3F07172F07E6009CF6CA /* NSDate+Description.m */ = {isa = PBXFileReference; fileEncoding = 4; lastKnownFileType = sourcecode.c.objc; lineEnding = 0; path = "NSDate+Description.m"; sourceTree = "<group>"; xcLanguageSpecificationIdentifier = xcode.lang.objc; };
		460E3F08172F07E6009CF6CA /* NSDateComponents+AllComponents.h */ = {isa = PBXFileReference; fileEncoding = 4; lastKnownFileType = sourcecode.c.h; lineEnding = 0; path = "NSDateComponents+AllComponents.h"; sourceTree = "<group>"; xcLanguageSpecificationIdentifier = xcode.lang.objcpp; };
		460E3F09172F07E6009CF6CA /* NSDateComponents+AllComponents.m */ = {isa = PBXFileReference; fileEncoding = 4; lastKnownFileType = sourcecode.c.objc; lineEnding = 0; path = "NSDateComponents+AllComponents.m"; sourceTree = "<group>"; xcLanguageSpecificationIdentifier = xcode.lang.objc; };
		4618BB851664216E00AD3CE5 /* libKosherCocoa.a */ = {isa = PBXFileReference; explicitFileType = archive.ar; includeInIndex = 0; path = libKosherCocoa.a; sourceTree = BUILT_PRODUCTS_DIR; };
		4618BB881664216E00AD3CE5 /* Foundation.framework */ = {isa = PBXFileReference; lastKnownFileType = wrapper.framework; name = Foundation.framework; path = System/Library/Frameworks/Foundation.framework; sourceTree = SDKROOT; };
		4618BB8C1664216E00AD3CE5 /* KosherCocoa-Prefix.pch */ = {isa = PBXFileReference; lastKnownFileType = sourcecode.c.h; path = "KosherCocoa-Prefix.pch"; sourceTree = "<group>"; };
		4618BB8D1664216E00AD3CE5 /* KosherCocoa.h */ = {isa = PBXFileReference; lastKnownFileType = sourcecode.c.h; path = KosherCocoa.h; sourceTree = "<group>"; };
		4618BB8F1664216E00AD3CE5 /* KosherCocoa.m */ = {isa = PBXFileReference; lastKnownFileType = sourcecode.c.objc; path = KosherCocoa.m; sourceTree = "<group>"; };
		4618BB961664216F00AD3CE5 /* KosherCocoaTests.octest */ = {isa = PBXFileReference; explicitFileType = wrapper.cfbundle; includeInIndex = 0; path = KosherCocoaTests.octest; sourceTree = BUILT_PRODUCTS_DIR; };
		4618BB971664216F00AD3CE5 /* SenTestingKit.framework */ = {isa = PBXFileReference; lastKnownFileType = wrapper.framework; name = SenTestingKit.framework; path = Library/Frameworks/SenTestingKit.framework; sourceTree = DEVELOPER_DIR; };
		4618BB991664216F00AD3CE5 /* UIKit.framework */ = {isa = PBXFileReference; lastKnownFileType = wrapper.framework; name = UIKit.framework; path = Library/Frameworks/UIKit.framework; sourceTree = DEVELOPER_DIR; };
		4618BBA11664216F00AD3CE5 /* KosherCocoaTests-Info.plist */ = {isa = PBXFileReference; lastKnownFileType = text.plist.xml; path = "KosherCocoaTests-Info.plist"; sourceTree = "<group>"; };
		4618BBA31664216F00AD3CE5 /* en */ = {isa = PBXFileReference; lastKnownFileType = text.plist.strings; name = en; path = en.lproj/InfoPlist.strings; sourceTree = "<group>"; };
		4618BBA51664216F00AD3CE5 /* KosherCocoaTests.h */ = {isa = PBXFileReference; lastKnownFileType = sourcecode.c.h; path = KosherCocoaTests.h; sourceTree = "<group>"; };
		4618BBA61664216F00AD3CE5 /* KosherCocoaTests.m */ = {isa = PBXFileReference; lastKnownFileType = sourcecode.c.objc; path = KosherCocoaTests.m; sourceTree = "<group>"; };
		46B45488173C026A00104D2D /* NSCalendar+hebrewYearTypes.h */ = {isa = PBXFileReference; fileEncoding = 4; lastKnownFileType = sourcecode.c.h; path = "NSCalendar+hebrewYearTypes.h"; sourceTree = "<group>"; };
		46B45489173C026A00104D2D /* NSCalendar+hebrewYearTypes.m */ = {isa = PBXFileReference; fileEncoding = 4; lastKnownFileType = sourcecode.c.objc; path = "NSCalendar+hebrewYearTypes.m"; sourceTree = "<group>"; };
/* End PBXFileReference section */

/* Begin PBXFrameworksBuildPhase section */
		4618BB821664216E00AD3CE5 /* Frameworks */ = {
			isa = PBXFrameworksBuildPhase;
			buildActionMask = 2147483647;
			files = (
				4618BB891664216E00AD3CE5 /* Foundation.framework in Frameworks */,
			);
			runOnlyForDeploymentPostprocessing = 0;
		};
		4618BB921664216F00AD3CE5 /* Frameworks */ = {
			isa = PBXFrameworksBuildPhase;
			buildActionMask = 2147483647;
			files = (
				4618BB981664216F00AD3CE5 /* SenTestingKit.framework in Frameworks */,
				4618BB9A1664216F00AD3CE5 /* UIKit.framework in Frameworks */,
				4618BB9B1664216F00AD3CE5 /* Foundation.framework in Frameworks */,
				4618BB9E1664216F00AD3CE5 /* libKosherCocoa.a in Frameworks */,
			);
			runOnlyForDeploymentPostprocessing = 0;
		};
/* End PBXFrameworksBuildPhase section */

/* Begin PBXGroup section */
		460E3EC6172EF7AF009CF6CA /* Library */ = {
			isa = PBXGroup;
			children = (
				460E3ECD172EF7AF009CF6CA /* KosherCocoaConstants.h */,
				460E3EF5172F07E6009CF6CA /* Categories */,
				460E3EC7172EF7AF009CF6CA /* Calendar */,
				460E3ECC172EF7AF009CF6CA /* Headers */,
				460E3ECE172EF7AF009CF6CA /* Required */,
				460E3ED1172EF7AF009CF6CA /* Times */,
				460E3EDC172EF7AF009CF6CA /* Zmanim */,
			);
			path = Library;
			sourceTree = "<group>";
		};
		460E3EC7172EF7AF009CF6CA /* Calendar */ = {
			isa = PBXGroup;
			children = (
				460E3EC8172EF7AF009CF6CA /* SefiratHaomer.h */,
				460E3EC9172EF7AF009CF6CA /* SefiratHaomer.m */,
				460E3ECA172EF7AF009CF6CA /* ParashatHashavua.h */,
				460E3ECB172EF7AF009CF6CA /* ParashatHashavua.m */,
			);
			path = Calendar;
			sourceTree = "<group>";
		};
		460E3ECC172EF7AF009CF6CA /* Headers */ = {
			isa = PBXGroup;
			children = (
			);
			path = Headers;
			sourceTree = "<group>";
		};
		460E3ECE172EF7AF009CF6CA /* Required */ = {
			isa = PBXGroup;
			children = (
				460E3ECF172EF7AF009CF6CA /* trigonometry.c */,
				460E3ED0172EF7AF009CF6CA /* trigonometry.h */,
			);
			path = Required;
			sourceTree = "<group>";
		};
		460E3ED1172EF7AF009CF6CA /* Times */ = {
			isa = PBXGroup;
			children = (
				460E3ED2172EF7AF009CF6CA /* AstronomicalCalculator.h */,
				460E3ED3172EF7AF009CF6CA /* AstronomicalCalculator.m */,
				460E3ED4172EF7AF009CF6CA /* AstronomicalCalendar.h */,
				460E3ED5172EF7AF009CF6CA /* AstronomicalCalendar.m */,
				460E3ED6172EF7AF009CF6CA /* EarthViewer.h */,
				460E3ED7172EF7AF009CF6CA /* EarthViewer.m */,
				460E3ED8172EF7AF009CF6CA /* GeoLocation.h */,
				460E3ED9172EF7AF009CF6CA /* GeoLocation.m */,
				460E3EDA172EF7AF009CF6CA /* SunriseAndSunset.h */,
				460E3EDB172EF7AF009CF6CA /* SunriseAndSunset.m */,
			);
			path = Times;
			sourceTree = "<group>";
		};
		460E3EDC172EF7AF009CF6CA /* Zmanim */ = {
			isa = PBXGroup;
			children = (
				460E3EDD172EF7AF009CF6CA /* ComplexZmanimCalendar.h */,
				460E3EDE172EF7AF009CF6CA /* ComplexZmanimCalendar.m */,
				460E3EDF172EF7AF009CF6CA /* ZmanimCalendar.h */,
				460E3EE0172EF7AF009CF6CA /* ZmanimCalendar.m */,
			);
			path = Zmanim;
			sourceTree = "<group>";
		};
		460E3EF5172F07E6009CF6CA /* Categories */ = {
			isa = PBXGroup;
			children = (
				460E3EF6172F07E6009CF6CA /* Foundation */,
			);
			path = Categories;
			sourceTree = "<group>";
		};
		460E3EF6172F07E6009CF6CA /* Foundation */ = {
			isa = PBXGroup;
			children = (
				460E3EF7172F07E6009CF6CA /* MBCalendarCategories.h */,
				460E3EF8172F07E6009CF6CA /* NSCalendar */,
				460E3F03172F07E6009CF6CA /* NSDate */,
				460E3F08172F07E6009CF6CA /* NSDateComponents+AllComponents.h */,
				460E3F09172F07E6009CF6CA /* NSDateComponents+AllComponents.m */,
			);
			path = Foundation;
			sourceTree = "<group>";
		};
		460E3EF8172F07E6009CF6CA /* NSCalendar */ = {
			isa = PBXGroup;
			children = (
				460E3EF9172F07E6009CF6CA /* NSCalendar+Components.h */,
				460E3EFA172F07E6009CF6CA /* NSCalendar+Components.m */,
				460E3EFB172F07E6009CF6CA /* NSCalendar+DateComparison.h */,
				460E3EFC172F07E6009CF6CA /* NSCalendar+DateComparison.m */,
				460E3EFD172F07E6009CF6CA /* NSCalendar+DateManipulation.h */,
				460E3EFE172F07E6009CF6CA /* NSCalendar+DateManipulation.m */,
				460E3EFF172F07E6009CF6CA /* NSCalendar+Juncture.h */,
				460E3F00172F07E6009CF6CA /* NSCalendar+Juncture.m */,
				460E3F01172F07E6009CF6CA /* NSCalendar+Ranges.h */,
				460E3F02172F07E6009CF6CA /* NSCalendar+Ranges.m */,
				46B45488173C026A00104D2D /* NSCalendar+hebrewYearTypes.h */,
				46B45489173C026A00104D2D /* NSCalendar+hebrewYearTypes.m */,
			);
			path = NSCalendar;
			sourceTree = "<group>";
		};
		460E3F03172F07E6009CF6CA /* NSDate */ = {
			isa = PBXGroup;
			children = (
				460E3F04172F07E6009CF6CA /* NSDate+Components.h */,
				460E3F05172F07E6009CF6CA /* NSDate+Components.m */,
				460E3F06172F07E6009CF6CA /* NSDate+Description.h */,
				460E3F07172F07E6009CF6CA /* NSDate+Description.m */,
			);
			path = NSDate;
			sourceTree = "<group>";
		};
		4618BB7A1664216E00AD3CE5 = {
			isa = PBXGroup;
			children = (
				4618BB8A1664216E00AD3CE5 /* KosherCocoa */,
				4618BB9F1664216F00AD3CE5 /* KosherCocoaTests */,
				4618BB871664216E00AD3CE5 /* Frameworks */,
				4618BB861664216E00AD3CE5 /* Products */,
			);
			sourceTree = "<group>";
		};
		4618BB861664216E00AD3CE5 /* Products */ = {
			isa = PBXGroup;
			children = (
				4618BB851664216E00AD3CE5 /* libKosherCocoa.a */,
				4618BB961664216F00AD3CE5 /* KosherCocoaTests.octest */,
			);
			name = Products;
			sourceTree = "<group>";
		};
		4618BB871664216E00AD3CE5 /* Frameworks */ = {
			isa = PBXGroup;
			children = (
				4618BB881664216E00AD3CE5 /* Foundation.framework */,
				4618BB971664216F00AD3CE5 /* SenTestingKit.framework */,
				4618BB991664216F00AD3CE5 /* UIKit.framework */,
			);
			name = Frameworks;
			sourceTree = "<group>";
		};
		4618BB8A1664216E00AD3CE5 /* KosherCocoa */ = {
			isa = PBXGroup;
			children = (
				4618BB8D1664216E00AD3CE5 /* KosherCocoa.h */,
				4618BB8F1664216E00AD3CE5 /* KosherCocoa.m */,
				460E3EC6172EF7AF009CF6CA /* Library */,
				4618BB8B1664216E00AD3CE5 /* Supporting Files */,
			);
			path = KosherCocoa;
			sourceTree = "<group>";
		};
		4618BB8B1664216E00AD3CE5 /* Supporting Files */ = {
			isa = PBXGroup;
			children = (
				4618BB8C1664216E00AD3CE5 /* KosherCocoa-Prefix.pch */,
			);
			name = "Supporting Files";
			sourceTree = "<group>";
		};
		4618BB9F1664216F00AD3CE5 /* KosherCocoaTests */ = {
			isa = PBXGroup;
			children = (
				4618BBA51664216F00AD3CE5 /* KosherCocoaTests.h */,
				4618BBA61664216F00AD3CE5 /* KosherCocoaTests.m */,
				4618BBA01664216F00AD3CE5 /* Supporting Files */,
			);
			path = KosherCocoaTests;
			sourceTree = "<group>";
		};
		4618BBA01664216F00AD3CE5 /* Supporting Files */ = {
			isa = PBXGroup;
			children = (
				4618BBA11664216F00AD3CE5 /* KosherCocoaTests-Info.plist */,
				4618BBA21664216F00AD3CE5 /* InfoPlist.strings */,
			);
			name = "Supporting Files";
			sourceTree = "<group>";
		};
/* End PBXGroup section */

/* Begin PBXNativeTarget section */
		4618BB841664216E00AD3CE5 /* KosherCocoa */ = {
			isa = PBXNativeTarget;
			buildConfigurationList = 4618BBAA1664216F00AD3CE5 /* Build configuration list for PBXNativeTarget "KosherCocoa" */;
			buildPhases = (
				4618BB811664216E00AD3CE5 /* Sources */,
				4618BB821664216E00AD3CE5 /* Frameworks */,
				4618BB831664216E00AD3CE5 /* CopyFiles */,
			);
			buildRules = (
			);
			dependencies = (
			);
			name = KosherCocoa;
			productName = KosherCocoa;
			productReference = 4618BB851664216E00AD3CE5 /* libKosherCocoa.a */;
			productType = "com.apple.product-type.library.static";
		};
		4618BB951664216F00AD3CE5 /* KosherCocoaTests */ = {
			isa = PBXNativeTarget;
			buildConfigurationList = 4618BBAD1664216F00AD3CE5 /* Build configuration list for PBXNativeTarget "KosherCocoaTests" */;
			buildPhases = (
				4618BB911664216F00AD3CE5 /* Sources */,
				4618BB921664216F00AD3CE5 /* Frameworks */,
				4618BB931664216F00AD3CE5 /* Resources */,
				4618BB941664216F00AD3CE5 /* ShellScript */,
			);
			buildRules = (
			);
			dependencies = (
				4618BB9D1664216F00AD3CE5 /* PBXTargetDependency */,
			);
			name = KosherCocoaTests;
			productName = KosherCocoaTests;
			productReference = 4618BB961664216F00AD3CE5 /* KosherCocoaTests.octest */;
			productType = "com.apple.product-type.bundle";
		};
/* End PBXNativeTarget section */

/* Begin PBXProject section */
		4618BB7C1664216E00AD3CE5 /* Project object */ = {
			isa = PBXProject;
			attributes = {
				CLASSPREFIX = KC;
				LastUpgradeCheck = 0450;
				ORGANIZATIONNAME = "Moshe Berman";
			};
			buildConfigurationList = 4618BB7F1664216E00AD3CE5 /* Build configuration list for PBXProject "KosherCocoa" */;
			compatibilityVersion = "Xcode 3.2";
			developmentRegion = English;
			hasScannedForEncodings = 0;
			knownRegions = (
				en,
			);
			mainGroup = 4618BB7A1664216E00AD3CE5;
			productRefGroup = 4618BB861664216E00AD3CE5 /* Products */;
			projectDirPath = "";
			projectRoot = "";
			targets = (
				4618BB841664216E00AD3CE5 /* KosherCocoa */,
				4618BB951664216F00AD3CE5 /* KosherCocoaTests */,
			);
		};
/* End PBXProject section */

/* Begin PBXResourcesBuildPhase section */
		4618BB931664216F00AD3CE5 /* Resources */ = {
			isa = PBXResourcesBuildPhase;
			buildActionMask = 2147483647;
			files = (
				4618BBA41664216F00AD3CE5 /* InfoPlist.strings in Resources */,
			);
			runOnlyForDeploymentPostprocessing = 0;
		};
/* End PBXResourcesBuildPhase section */

/* Begin PBXShellScriptBuildPhase section */
		4618BB941664216F00AD3CE5 /* ShellScript */ = {
			isa = PBXShellScriptBuildPhase;
			buildActionMask = 2147483647;
			files = (
			);
			inputPaths = (
			);
			outputPaths = (
			);
			runOnlyForDeploymentPostprocessing = 0;
			shellPath = /bin/sh;
			shellScript = "# Run the unit tests in this test bundle.\n\"${SYSTEM_DEVELOPER_DIR}/Tools/RunUnitTests\"\n";
		};
/* End PBXShellScriptBuildPhase section */

/* Begin PBXSourcesBuildPhase section */
		4618BB811664216E00AD3CE5 /* Sources */ = {
			isa = PBXSourcesBuildPhase;
			buildActionMask = 2147483647;
			files = (
				4618BB901664216E00AD3CE5 /* KosherCocoa.m in Sources */,
				460E3EE1172EF7AF009CF6CA /* SefiratHaomer.m in Sources */,
				460E3EE3172EF7AF009CF6CA /* ParashatHashavua.m in Sources */,
				460E3EE5172EF7AF009CF6CA /* trigonometry.c in Sources */,
				460E3EE7172EF7AF009CF6CA /* AstronomicalCalculator.m in Sources */,
				460E3EE9172EF7AF009CF6CA /* AstronomicalCalendar.m in Sources */,
				460E3EEB172EF7AF009CF6CA /* EarthViewer.m in Sources */,
				460E3EED172EF7AF009CF6CA /* GeoLocation.m in Sources */,
				460E3EEF172EF7AF009CF6CA /* SunriseAndSunset.m in Sources */,
				460E3EF1172EF7AF009CF6CA /* ComplexZmanimCalendar.m in Sources */,
				460E3EF3172EF7AF009CF6CA /* ZmanimCalendar.m in Sources */,
				460E3F0C172F07E6009CF6CA /* NSCalendar+Components.m in Sources */,
				460E3F0E172F07E6009CF6CA /* NSCalendar+DateComparison.m in Sources */,
				460E3F10172F07E6009CF6CA /* NSCalendar+DateManipulation.m in Sources */,
				460E3F12172F07E6009CF6CA /* NSCalendar+Juncture.m in Sources */,
				460E3F14172F07E6009CF6CA /* NSCalendar+Ranges.m in Sources */,
				460E3F16172F07E6009CF6CA /* NSDate+Components.m in Sources */,
				460E3F18172F07E6009CF6CA /* NSDate+Description.m in Sources */,
				460E3F1A172F07E6009CF6CA /* NSDateComponents+AllComponents.m in Sources */,
				46B4548A173C026A00104D2D /* NSCalendar+hebrewYearTypes.m in Sources */,
			);
			runOnlyForDeploymentPostprocessing = 0;
		};
		4618BB911664216F00AD3CE5 /* Sources */ = {
			isa = PBXSourcesBuildPhase;
			buildActionMask = 2147483647;
			files = (
				4618BBA71664216F00AD3CE5 /* KosherCocoaTests.m in Sources */,
				460E3EE2172EF7AF009CF6CA /* SefiratHaomer.m in Sources */,
				460E3EE4172EF7AF009CF6CA /* ParashatHashavua.m in Sources */,
				460E3EE6172EF7AF009CF6CA /* trigonometry.c in Sources */,
				460E3EE8172EF7AF009CF6CA /* AstronomicalCalculator.m in Sources */,
				460E3EEA172EF7AF009CF6CA /* AstronomicalCalendar.m in Sources */,
				460E3EEC172EF7AF009CF6CA /* EarthViewer.m in Sources */,
				460E3EEE172EF7AF009CF6CA /* GeoLocation.m in Sources */,
				460E3EF0172EF7AF009CF6CA /* SunriseAndSunset.m in Sources */,
				460E3EF2172EF7AF009CF6CA /* ComplexZmanimCalendar.m in Sources */,
				460E3EF4172EF7AF009CF6CA /* ZmanimCalendar.m in Sources */,
				460E3F0D172F07E6009CF6CA /* NSCalendar+Components.m in Sources */,
				460E3F0F172F07E6009CF6CA /* NSCalendar+DateComparison.m in Sources */,
				460E3F11172F07E6009CF6CA /* NSCalendar+DateManipulation.m in Sources */,
				460E3F13172F07E6009CF6CA /* NSCalendar+Juncture.m in Sources */,
				460E3F15172F07E6009CF6CA /* NSCalendar+Ranges.m in Sources */,
				460E3F17172F07E6009CF6CA /* NSDate+Components.m in Sources */,
				460E3F19172F07E6009CF6CA /* NSDate+Description.m in Sources */,
				460E3F1B172F07E6009CF6CA /* NSDateComponents+AllComponents.m in Sources */,
				46B4548B173C026A00104D2D /* NSCalendar+hebrewYearTypes.m in Sources */,
			);
			runOnlyForDeploymentPostprocessing = 0;
		};
/* End PBXSourcesBuildPhase section */

/* Begin PBXTargetDependency section */
		4618BB9D1664216F00AD3CE5 /* PBXTargetDependency */ = {
			isa = PBXTargetDependency;
			target = 4618BB841664216E00AD3CE5 /* KosherCocoa */;
			targetProxy = 4618BB9C1664216F00AD3CE5 /* PBXContainerItemProxy */;
		};
/* End PBXTargetDependency section */

/* Begin PBXVariantGroup section */
		4618BBA21664216F00AD3CE5 /* InfoPlist.strings */ = {
			isa = PBXVariantGroup;
			children = (
				4618BBA31664216F00AD3CE5 /* en */,
			);
			name = InfoPlist.strings;
			sourceTree = "<group>";
		};
/* End PBXVariantGroup section */

/* Begin XCBuildConfiguration section */
		4618BBA81664216F00AD3CE5 /* Debug */ = {
			isa = XCBuildConfiguration;
			buildSettings = {
				ALWAYS_SEARCH_USER_PATHS = NO;
				CLANG_CXX_LANGUAGE_STANDARD = "gnu++0x";
				CLANG_CXX_LIBRARY = "libc++";
				CLANG_ENABLE_OBJC_ARC = YES;
				CLANG_WARN_EMPTY_BODY = YES;
				CLANG_WARN__DUPLICATE_METHOD_MATCH = YES;
				COPY_PHASE_STRIP = NO;
				GCC_C_LANGUAGE_STANDARD = gnu99;
				GCC_DYNAMIC_NO_PIC = NO;
				GCC_OPTIMIZATION_LEVEL = 0;
				GCC_PREPROCESSOR_DEFINITIONS = (
					"DEBUG=1",
					"$(inherited)",
				);
				GCC_SYMBOLS_PRIVATE_EXTERN = NO;
				GCC_WARN_ABOUT_RETURN_TYPE = YES;
				GCC_WARN_UNINITIALIZED_AUTOS = YES;
				GCC_WARN_UNUSED_VARIABLE = YES;
				IPHONEOS_DEPLOYMENT_TARGET = 6.0;
				SDKROOT = iphoneos;
			};
			name = Debug;
		};
		4618BBA91664216F00AD3CE5 /* Release */ = {
			isa = XCBuildConfiguration;
			buildSettings = {
				ALWAYS_SEARCH_USER_PATHS = NO;
				CLANG_CXX_LANGUAGE_STANDARD = "gnu++0x";
				CLANG_CXX_LIBRARY = "libc++";
				CLANG_ENABLE_OBJC_ARC = YES;
				CLANG_WARN_EMPTY_BODY = YES;
				CLANG_WARN__DUPLICATE_METHOD_MATCH = YES;
				COPY_PHASE_STRIP = YES;
				GCC_C_LANGUAGE_STANDARD = gnu99;
				GCC_WARN_ABOUT_RETURN_TYPE = YES;
				GCC_WARN_UNINITIALIZED_AUTOS = YES;
				GCC_WARN_UNUSED_VARIABLE = YES;
				IPHONEOS_DEPLOYMENT_TARGET = 6.0;
				SDKROOT = iphoneos;
				VALIDATE_PRODUCT = YES;
			};
			name = Release;
		};
		4618BBAB1664216F00AD3CE5 /* Debug */ = {
			isa = XCBuildConfiguration;
			buildSettings = {
				DSTROOT = /tmp/KosherCocoa.dst;
				GCC_PRECOMPILE_PREFIX_HEADER = YES;
				GCC_PREFIX_HEADER = "KosherCocoa/KosherCocoa-Prefix.pch";
				OTHER_LDFLAGS = "-ObjC";
				PRODUCT_NAME = "$(TARGET_NAME)";
				SKIP_INSTALL = YES;
			};
			name = Debug;
		};
		4618BBAC1664216F00AD3CE5 /* Release */ = {
			isa = XCBuildConfiguration;
			buildSettings = {
				DSTROOT = /tmp/KosherCocoa.dst;
				GCC_PRECOMPILE_PREFIX_HEADER = YES;
				GCC_PREFIX_HEADER = "KosherCocoa/KosherCocoa-Prefix.pch";
				OTHER_LDFLAGS = "-ObjC";
				PRODUCT_NAME = "$(TARGET_NAME)";
				SKIP_INSTALL = YES;
			};
			name = Release;
		};
		4618BBAE1664216F00AD3CE5 /* Debug */ = {
			isa = XCBuildConfiguration;
			buildSettings = {
				FRAMEWORK_SEARCH_PATHS = (
					"\"$(SDKROOT)/Developer/Library/Frameworks\"",
					"\"$(DEVELOPER_LIBRARY_DIR)/Frameworks\"",
				);
				GCC_PRECOMPILE_PREFIX_HEADER = YES;
				GCC_PREFIX_HEADER = "KosherCocoa/KosherCocoa-Prefix.pch";
				INFOPLIST_FILE = "KosherCocoaTests/KosherCocoaTests-Info.plist";
				PRODUCT_NAME = "$(TARGET_NAME)";
				WRAPPER_EXTENSION = octest;
			};
			name = Debug;
		};
		4618BBAF1664216F00AD3CE5 /* Release */ = {
			isa = XCBuildConfiguration;
			buildSettings = {
				FRAMEWORK_SEARCH_PATHS = (
					"\"$(SDKROOT)/Developer/Library/Frameworks\"",
					"\"$(DEVELOPER_LIBRARY_DIR)/Frameworks\"",
				);
				GCC_PRECOMPILE_PREFIX_HEADER = YES;
				GCC_PREFIX_HEADER = "KosherCocoa/KosherCocoa-Prefix.pch";
				INFOPLIST_FILE = "KosherCocoaTests/KosherCocoaTests-Info.plist";
				PRODUCT_NAME = "$(TARGET_NAME)";
				WRAPPER_EXTENSION = octest;
			};
			name = Release;
		};
/* End XCBuildConfiguration section */

/* Begin XCConfigurationList section */
		4618BB7F1664216E00AD3CE5 /* Build configuration list for PBXProject "KosherCocoa" */ = {
			isa = XCConfigurationList;
			buildConfigurations = (
				4618BBA81664216F00AD3CE5 /* Debug */,
				4618BBA91664216F00AD3CE5 /* Release */,
			);
			defaultConfigurationIsVisible = 0;
			defaultConfigurationName = Release;
		};
		4618BBAA1664216F00AD3CE5 /* Build configuration list for PBXNativeTarget "KosherCocoa" */ = {
			isa = XCConfigurationList;
			buildConfigurations = (
				4618BBAB1664216F00AD3CE5 /* Debug */,
				4618BBAC1664216F00AD3CE5 /* Release */,
			);
			defaultConfigurationIsVisible = 0;
			defaultConfigurationName = Release;
		};
		4618BBAD1664216F00AD3CE5 /* Build configuration list for PBXNativeTarget "KosherCocoaTests" */ = {
			isa = XCConfigurationList;
			buildConfigurations = (
				4618BBAE1664216F00AD3CE5 /* Debug */,
				4618BBAF1664216F00AD3CE5 /* Release */,
			);
			defaultConfigurationIsVisible = 0;
			defaultConfigurationName = Release;
		};
/* End XCConfigurationList section */
	};
	rootObject = 4618BB7C1664216E00AD3CE5 /* Project object */;
}
