// !$*UTF8*$!
{
	archiveVersion = 1;
	classes = {
	};
	objectVersion = 46;
	objects = {

/* Begin PBXBuildFile section */
		460699E5182172B9008DA62C /* KCAstronomicalCalendar+DateManipulation.m in Sources */ = {isa = PBXBuildFile; fileRef = 460699E4182172B9008DA62C /* KCAstronomicalCalendar+DateManipulation.m */; };
		460699E81821A64B008DA62C /* KosherCocoa.h in CopyFiles */ = {isa = PBXBuildFile; fileRef = 466A3AFE17CAF3B900056F16 /* KosherCocoa.h */; };
		460AAF5018187BA00033AABF /* KCSefiraFormatter.m in Sources */ = {isa = PBXBuildFile; fileRef = 460AAF4F18187BA00033AABF /* KCSefiraFormatter.m */; };
		4618BB9E1664216F00AD3CE5 /* libKosherCocoa.a in Frameworks */ = {isa = PBXBuildFile; fileRef = 4618BB851664216E00AD3CE5 /* libKosherCocoa.a */; };
		4618BBA41664216F00AD3CE5 /* InfoPlist.strings in Resources */ = {isa = PBXBuildFile; fileRef = 4618BBA21664216F00AD3CE5 /* InfoPlist.strings */; };
		4618BBA71664216F00AD3CE5 /* KosherCocoaTests.m in Sources */ = {isa = PBXBuildFile; fileRef = 4618BBA61664216F00AD3CE5 /* KosherCocoaTests.m */; };
		466A3AFF17CAF3B900056F16 /* NSCalendar+Components.m in Sources */ = {isa = PBXBuildFile; fileRef = 466A3ABC17CAF3B900056F16 /* NSCalendar+Components.m */; };
		466A3B0017CAF3B900056F16 /* NSCalendar+Components.m in Sources */ = {isa = PBXBuildFile; fileRef = 466A3ABC17CAF3B900056F16 /* NSCalendar+Components.m */; };
		466A3B0117CAF3B900056F16 /* NSCalendar+DateComparison.m in Sources */ = {isa = PBXBuildFile; fileRef = 466A3ABE17CAF3B900056F16 /* NSCalendar+DateComparison.m */; };
		466A3B0217CAF3B900056F16 /* NSCalendar+DateComparison.m in Sources */ = {isa = PBXBuildFile; fileRef = 466A3ABE17CAF3B900056F16 /* NSCalendar+DateComparison.m */; };
		466A3B0317CAF3B900056F16 /* NSCalendar+DateManipulation.m in Sources */ = {isa = PBXBuildFile; fileRef = 466A3AC017CAF3B900056F16 /* NSCalendar+DateManipulation.m */; };
		466A3B0417CAF3B900056F16 /* NSCalendar+DateManipulation.m in Sources */ = {isa = PBXBuildFile; fileRef = 466A3AC017CAF3B900056F16 /* NSCalendar+DateManipulation.m */; };
		466A3B0517CAF3B900056F16 /* NSCalendar+hebrewYearTypes.m in Sources */ = {isa = PBXBuildFile; fileRef = 466A3AC217CAF3B900056F16 /* NSCalendar+hebrewYearTypes.m */; };
		466A3B0617CAF3B900056F16 /* NSCalendar+hebrewYearTypes.m in Sources */ = {isa = PBXBuildFile; fileRef = 466A3AC217CAF3B900056F16 /* NSCalendar+hebrewYearTypes.m */; };
		466A3B0717CAF3B900056F16 /* NSCalendar+Juncture.m in Sources */ = {isa = PBXBuildFile; fileRef = 466A3AC417CAF3B900056F16 /* NSCalendar+Juncture.m */; };
		466A3B0817CAF3B900056F16 /* NSCalendar+Juncture.m in Sources */ = {isa = PBXBuildFile; fileRef = 466A3AC417CAF3B900056F16 /* NSCalendar+Juncture.m */; };
		466A3B0917CAF3B900056F16 /* NSCalendar+Ranges.m in Sources */ = {isa = PBXBuildFile; fileRef = 466A3AC617CAF3B900056F16 /* NSCalendar+Ranges.m */; };
		466A3B0A17CAF3B900056F16 /* NSCalendar+Ranges.m in Sources */ = {isa = PBXBuildFile; fileRef = 466A3AC617CAF3B900056F16 /* NSCalendar+Ranges.m */; };
		466A3B0B17CAF3B900056F16 /* NSDate+Components.m in Sources */ = {isa = PBXBuildFile; fileRef = 466A3AC917CAF3B900056F16 /* NSDate+Components.m */; };
		466A3B0C17CAF3B900056F16 /* NSDate+Components.m in Sources */ = {isa = PBXBuildFile; fileRef = 466A3AC917CAF3B900056F16 /* NSDate+Components.m */; };
		466A3B0D17CAF3B900056F16 /* NSDate+Description.m in Sources */ = {isa = PBXBuildFile; fileRef = 466A3ACB17CAF3B900056F16 /* NSDate+Description.m */; };
		466A3B0E17CAF3B900056F16 /* NSDate+Description.m in Sources */ = {isa = PBXBuildFile; fileRef = 466A3ACB17CAF3B900056F16 /* NSDate+Description.m */; };
		466A3B0F17CAF3B900056F16 /* NSDateComponents+AllComponents.m in Sources */ = {isa = PBXBuildFile; fileRef = 466A3ACE17CAF3B900056F16 /* NSDateComponents+AllComponents.m */; };
		466A3B1017CAF3B900056F16 /* NSDateComponents+AllComponents.m in Sources */ = {isa = PBXBuildFile; fileRef = 466A3ACE17CAF3B900056F16 /* NSDateComponents+AllComponents.m */; };
		466A3B1117CAF3B900056F16 /* KCJewishCalendar.m in Sources */ = {isa = PBXBuildFile; fileRef = 466A3AD317CAF3B900056F16 /* KCJewishCalendar.m */; };
		466A3B1217CAF3B900056F16 /* KCJewishCalendar.m in Sources */ = {isa = PBXBuildFile; fileRef = 466A3AD317CAF3B900056F16 /* KCJewishCalendar.m */; };
		466A3B1317CAF3B900056F16 /* KCDaf.m in Sources */ = {isa = PBXBuildFile; fileRef = 466A3AD617CAF3B900056F16 /* KCDaf.m */; };
		466A3B1417CAF3B900056F16 /* KCDaf.m in Sources */ = {isa = PBXBuildFile; fileRef = 466A3AD617CAF3B900056F16 /* KCDaf.m */; };
		466A3B1517CAF3B900056F16 /* KCDafYomiCalculator.m in Sources */ = {isa = PBXBuildFile; fileRef = 466A3AD817CAF3B900056F16 /* KCDafYomiCalculator.m */; };
		466A3B1617CAF3B900056F16 /* KCDafYomiCalculator.m in Sources */ = {isa = PBXBuildFile; fileRef = 466A3AD817CAF3B900056F16 /* KCDafYomiCalculator.m */; };
		466A3B1717CAF3B900056F16 /* KCParasha.m in Sources */ = {isa = PBXBuildFile; fileRef = 466A3ADB17CAF3B900056F16 /* KCParasha.m */; };
		466A3B1817CAF3B900056F16 /* KCParasha.m in Sources */ = {isa = PBXBuildFile; fileRef = 466A3ADB17CAF3B900056F16 /* KCParasha.m */; };
		466A3B1917CAF3B900056F16 /* KCParashatHashavuaCalculator.m in Sources */ = {isa = PBXBuildFile; fileRef = 466A3ADD17CAF3B900056F16 /* KCParashatHashavuaCalculator.m */; };
		466A3B1A17CAF3B900056F16 /* KCParashatHashavuaCalculator.m in Sources */ = {isa = PBXBuildFile; fileRef = 466A3ADD17CAF3B900056F16 /* KCParashatHashavuaCalculator.m */; };
		466A3B1D17CAF3B900056F16 /* KCSefiratHaomerCalculator.m in Sources */ = {isa = PBXBuildFile; fileRef = 466A3AE217CAF3B900056F16 /* KCSefiratHaomerCalculator.m */; };
		466A3B1E17CAF3B900056F16 /* KCSefiratHaomerCalculator.m in Sources */ = {isa = PBXBuildFile; fileRef = 466A3AE217CAF3B900056F16 /* KCSefiratHaomerCalculator.m */; };
		466A3B1F17CAF3B900056F16 /* KCComplexZmanimCalendar.m in Sources */ = {isa = PBXBuildFile; fileRef = 466A3AE517CAF3B900056F16 /* KCComplexZmanimCalendar.m */; };
		466A3B2017CAF3B900056F16 /* KCComplexZmanimCalendar.m in Sources */ = {isa = PBXBuildFile; fileRef = 466A3AE517CAF3B900056F16 /* KCComplexZmanimCalendar.m */; };
		466A3B2117CAF3B900056F16 /* KCZmanimCalendar.m in Sources */ = {isa = PBXBuildFile; fileRef = 466A3AE717CAF3B900056F16 /* KCZmanimCalendar.m */; };
		466A3B2217CAF3B900056F16 /* KCZmanimCalendar.m in Sources */ = {isa = PBXBuildFile; fileRef = 466A3AE717CAF3B900056F16 /* KCZmanimCalendar.m */; };
		466A3B2317CAF3B900056F16 /* KCAstronomicalCalculator.m in Sources */ = {isa = PBXBuildFile; fileRef = 466A3AEA17CAF3B900056F16 /* KCAstronomicalCalculator.m */; };
		466A3B2417CAF3B900056F16 /* KCAstronomicalCalculator.m in Sources */ = {isa = PBXBuildFile; fileRef = 466A3AEA17CAF3B900056F16 /* KCAstronomicalCalculator.m */; };
		466A3B2517CAF3B900056F16 /* KCAstronomicalCalendar.m in Sources */ = {isa = PBXBuildFile; fileRef = 466A3AEC17CAF3B900056F16 /* KCAstronomicalCalendar.m */; };
		466A3B2617CAF3B900056F16 /* KCAstronomicalCalendar.m in Sources */ = {isa = PBXBuildFile; fileRef = 466A3AEC17CAF3B900056F16 /* KCAstronomicalCalendar.m */; };
		466A3B2717CAF3B900056F16 /* KCGeoLocation.m in Sources */ = {isa = PBXBuildFile; fileRef = 466A3AEE17CAF3B900056F16 /* KCGeoLocation.m */; };
		466A3B2817CAF3B900056F16 /* KCGeoLocation.m in Sources */ = {isa = PBXBuildFile; fileRef = 466A3AEE17CAF3B900056F16 /* KCGeoLocation.m */; };
		466A3B2917CAF3B900056F16 /* KCSunriseAndSunsetCalculator.m in Sources */ = {isa = PBXBuildFile; fileRef = 466A3AF017CAF3B900056F16 /* KCSunriseAndSunsetCalculator.m */; };
		466A3B2A17CAF3B900056F16 /* KCSunriseAndSunsetCalculator.m in Sources */ = {isa = PBXBuildFile; fileRef = 466A3AF017CAF3B900056F16 /* KCSunriseAndSunsetCalculator.m */; };
		466A3B2B17CAF3B900056F16 /* trigonometry.c in Sources */ = {isa = PBXBuildFile; fileRef = 466A3AF217CAF3B900056F16 /* trigonometry.c */; };
		466A3B2C17CAF3B900056F16 /* trigonometry.c in Sources */ = {isa = PBXBuildFile; fileRef = 466A3AF217CAF3B900056F16 /* trigonometry.c */; };
		466A3B2F17CB9CD900056F16 /* NSDate+ConvenientDates.m in Sources */ = {isa = PBXBuildFile; fileRef = 466A3B2E17CB9CD900056F16 /* NSDate+ConvenientDates.m */; };
		466A3B3017CB9CD900056F16 /* NSDate+ConvenientDates.m in Sources */ = {isa = PBXBuildFile; fileRef = 466A3B2E17CB9CD900056F16 /* NSDate+ConvenientDates.m */; };
/* End PBXBuildFile section */

/* Begin PBXContainerItemProxy section */
		4618BB9C1664216F00AD3CE5 /* PBXContainerItemProxy */ = {
			isa = PBXContainerItemProxy;
			containerPortal = 4618BB7C1664216E00AD3CE5 /* Project object */;
			proxyType = 1;
			remoteGlobalIDString = 4618BB841664216E00AD3CE5;
			remoteInfo = KosherCocoa;
		};
/* End PBXContainerItemProxy section */

/* Begin PBXCopyFilesBuildPhase section */
		4618BB831664216E00AD3CE5 /* CopyFiles */ = {
			isa = PBXCopyFilesBuildPhase;
			buildActionMask = 2147483647;
			dstPath = "include/${PRODUCT_NAME}";
			dstSubfolderSpec = 16;
			files = (
				460699E81821A64B008DA62C /* KosherCocoa.h in CopyFiles */,
			);
			runOnlyForDeploymentPostprocessing = 0;
		};
/* End PBXCopyFilesBuildPhase section */

/* Begin PBXFileReference section */
		460699E3182172B9008DA62C /* KCAstronomicalCalendar+DateManipulation.h */ = {isa = PBXFileReference; fileEncoding = 4; lastKnownFileType = sourcecode.c.h; name = "KCAstronomicalCalendar+DateManipulation.h"; path = "KosherCocoa/Library/Categories/KosherCocoa/KCAstronomicalCalendar+DateManipulation.h"; sourceTree = "<group>"; };
		460699E4182172B9008DA62C /* KCAstronomicalCalendar+DateManipulation.m */ = {isa = PBXFileReference; fileEncoding = 4; lastKnownFileType = sourcecode.c.objc; name = "KCAstronomicalCalendar+DateManipulation.m"; path = "KosherCocoa/Library/Categories/KosherCocoa/KCAstronomicalCalendar+DateManipulation.m"; sourceTree = "<group>"; };
		460AAF4E18187BA00033AABF /* KCSefiraFormatter.h */ = {isa = PBXFileReference; fileEncoding = 4; lastKnownFileType = sourcecode.c.h; path = KCSefiraFormatter.h; sourceTree = "<group>"; };
		460AAF4F18187BA00033AABF /* KCSefiraFormatter.m */ = {isa = PBXFileReference; fileEncoding = 4; lastKnownFileType = sourcecode.c.objc; path = KCSefiraFormatter.m; sourceTree = "<group>"; };
		4610DD9018086BB40055A4F9 /* TODO */ = {isa = PBXFileReference; lastKnownFileType = text; path = TODO; sourceTree = SOURCE_ROOT; };
		4610DD911808999A0055A4F9 /* KCParashaReadings.h */ = {isa = PBXFileReference; fileEncoding = 4; lastKnownFileType = sourcecode.c.h; path = KCParashaReadings.h; sourceTree = "<group>"; };
		4618BB851664216E00AD3CE5 /* libKosherCocoa.a */ = {isa = PBXFileReference; explicitFileType = archive.ar; includeInIndex = 0; path = libKosherCocoa.a; sourceTree = BUILT_PRODUCTS_DIR; };
		4618BB8C1664216E00AD3CE5 /* KosherCocoa-Prefix.pch */ = {isa = PBXFileReference; lastKnownFileType = sourcecode.c.h; path = "KosherCocoa-Prefix.pch"; sourceTree = "<group>"; };
		4618BB961664216F00AD3CE5 /* KosherCocoaTests.xctest */ = {isa = PBXFileReference; explicitFileType = wrapper.cfbundle; includeInIndex = 0; path = KosherCocoaTests.xctest; sourceTree = BUILT_PRODUCTS_DIR; };
		4618BBA11664216F00AD3CE5 /* KosherCocoaTests-Info.plist */ = {isa = PBXFileReference; lastKnownFileType = text.plist.xml; path = "KosherCocoaTests-Info.plist"; sourceTree = "<group>"; };
		4618BBA31664216F00AD3CE5 /* en */ = {isa = PBXFileReference; lastKnownFileType = text.plist.strings; name = en; path = en.lproj/InfoPlist.strings; sourceTree = "<group>"; };
		4618BBA51664216F00AD3CE5 /* KosherCocoaTests.h */ = {isa = PBXFileReference; lastKnownFileType = sourcecode.c.h; path = KosherCocoaTests.h; sourceTree = "<group>"; };
		4618BBA61664216F00AD3CE5 /* KosherCocoaTests.m */ = {isa = PBXFileReference; lastKnownFileType = sourcecode.c.objc; path = KosherCocoaTests.m; sourceTree = "<group>"; };
		4668A4FD17DCFC5C00EB4169 /* AstronomicalCalendar.java */ = {isa = PBXFileReference; lastKnownFileType = sourcecode.java; path = AstronomicalCalendar.java; sourceTree = "<group>"; };
		4668A4FE17DCFC5C00EB4169 /* ComplexZmanimCalendar.java */ = {isa = PBXFileReference; lastKnownFileType = sourcecode.java; path = ComplexZmanimCalendar.java; sourceTree = "<group>"; };
		4668A50017DCFC5C00EB4169 /* Daf.java */ = {isa = PBXFileReference; lastKnownFileType = sourcecode.java; path = Daf.java; sourceTree = "<group>"; };
		4668A50117DCFC5C00EB4169 /* HebrewDateFormatter.java */ = {isa = PBXFileReference; lastKnownFileType = sourcecode.java; path = HebrewDateFormatter.java; sourceTree = "<group>"; };
		4668A50217DCFC5C00EB4169 /* JewishCalendar.java */ = {isa = PBXFileReference; lastKnownFileType = sourcecode.java; path = JewishCalendar.java; sourceTree = "<group>"; };
		4668A50317DCFC5C00EB4169 /* JewishDate.java */ = {isa = PBXFileReference; lastKnownFileType = sourcecode.java; path = JewishDate.java; sourceTree = "<group>"; };
		4668A50417DCFC5C00EB4169 /* package.html */ = {isa = PBXFileReference; lastKnownFileType = text.html; path = package.html; sourceTree = "<group>"; };
		4668A50517DCFC5C00EB4169 /* YomiCalculator.java */ = {isa = PBXFileReference; lastKnownFileType = sourcecode.java; path = YomiCalculator.java; sourceTree = "<group>"; };
		4668A50617DCFC5C00EB4169 /* package.html */ = {isa = PBXFileReference; lastKnownFileType = text.html; path = package.html; sourceTree = "<group>"; };
		4668A50817DCFC5C00EB4169 /* AstronomicalCalculator.java */ = {isa = PBXFileReference; lastKnownFileType = sourcecode.java; path = AstronomicalCalculator.java; sourceTree = "<group>"; };
		4668A50917DCFC5C00EB4169 /* GeoLocation.java */ = {isa = PBXFileReference; lastKnownFileType = sourcecode.java; path = GeoLocation.java; sourceTree = "<group>"; };
		4668A50A17DCFC5C00EB4169 /* GeoLocationUtils.java */ = {isa = PBXFileReference; lastKnownFileType = sourcecode.java; path = GeoLocationUtils.java; sourceTree = "<group>"; };
		4668A50B17DCFC5C00EB4169 /* NOAACalculator.java */ = {isa = PBXFileReference; lastKnownFileType = sourcecode.java; path = NOAACalculator.java; sourceTree = "<group>"; };
		4668A50C17DCFC5C00EB4169 /* package.html */ = {isa = PBXFileReference; lastKnownFileType = text.html; path = package.html; sourceTree = "<group>"; };
		4668A50D17DCFC5C00EB4169 /* SunTimesCalculator.java */ = {isa = PBXFileReference; lastKnownFileType = sourcecode.java; path = SunTimesCalculator.java; sourceTree = "<group>"; };
		4668A50E17DCFC5C00EB4169 /* Time.java */ = {isa = PBXFileReference; lastKnownFileType = sourcecode.java; path = Time.java; sourceTree = "<group>"; };
		4668A50F17DCFC5C00EB4169 /* Zman.java */ = {isa = PBXFileReference; lastKnownFileType = sourcecode.java; path = Zman.java; sourceTree = "<group>"; };
		4668A51017DCFC5C00EB4169 /* ZmanimCalculator.java */ = {isa = PBXFileReference; lastKnownFileType = sourcecode.java; path = ZmanimCalculator.java; sourceTree = "<group>"; };
		4668A51117DCFC5C00EB4169 /* ZmanimFormatter.java */ = {isa = PBXFileReference; lastKnownFileType = sourcecode.java; path = ZmanimFormatter.java; sourceTree = "<group>"; };
		4668A51217DCFC5C00EB4169 /* ZmanimCalendar.java */ = {isa = PBXFileReference; lastKnownFileType = sourcecode.java; path = ZmanimCalendar.java; sourceTree = "<group>"; };
		466A3AB917CAF3B900056F16 /* MBCalendarCategories.h */ = {isa = PBXFileReference; fileEncoding = 4; lastKnownFileType = sourcecode.c.h; path = MBCalendarCategories.h; sourceTree = "<group>"; };
		466A3ABB17CAF3B900056F16 /* NSCalendar+Components.h */ = {isa = PBXFileReference; fileEncoding = 4; lastKnownFileType = sourcecode.c.h; path = "NSCalendar+Components.h"; sourceTree = "<group>"; };
		466A3ABC17CAF3B900056F16 /* NSCalendar+Components.m */ = {isa = PBXFileReference; fileEncoding = 4; lastKnownFileType = sourcecode.c.objc; path = "NSCalendar+Components.m"; sourceTree = "<group>"; };
		466A3ABD17CAF3B900056F16 /* NSCalendar+DateComparison.h */ = {isa = PBXFileReference; fileEncoding = 4; lastKnownFileType = sourcecode.c.h; path = "NSCalendar+DateComparison.h"; sourceTree = "<group>"; };
		466A3ABE17CAF3B900056F16 /* NSCalendar+DateComparison.m */ = {isa = PBXFileReference; fileEncoding = 4; lastKnownFileType = sourcecode.c.objc; path = "NSCalendar+DateComparison.m"; sourceTree = "<group>"; };
		466A3ABF17CAF3B900056F16 /* NSCalendar+DateManipulation.h */ = {isa = PBXFileReference; fileEncoding = 4; lastKnownFileType = sourcecode.c.h; path = "NSCalendar+DateManipulation.h"; sourceTree = "<group>"; };
		466A3AC017CAF3B900056F16 /* NSCalendar+DateManipulation.m */ = {isa = PBXFileReference; fileEncoding = 4; lastKnownFileType = sourcecode.c.objc; path = "NSCalendar+DateManipulation.m"; sourceTree = "<group>"; };
		466A3AC117CAF3B900056F16 /* NSCalendar+hebrewYearTypes.h */ = {isa = PBXFileReference; fileEncoding = 4; lastKnownFileType = sourcecode.c.h; path = "NSCalendar+hebrewYearTypes.h"; sourceTree = "<group>"; };
		466A3AC217CAF3B900056F16 /* NSCalendar+hebrewYearTypes.m */ = {isa = PBXFileReference; fileEncoding = 4; lastKnownFileType = sourcecode.c.objc; path = "NSCalendar+hebrewYearTypes.m"; sourceTree = "<group>"; };
		466A3AC317CAF3B900056F16 /* NSCalendar+Juncture.h */ = {isa = PBXFileReference; fileEncoding = 4; lastKnownFileType = sourcecode.c.h; path = "NSCalendar+Juncture.h"; sourceTree = "<group>"; };
		466A3AC417CAF3B900056F16 /* NSCalendar+Juncture.m */ = {isa = PBXFileReference; fileEncoding = 4; lastKnownFileType = sourcecode.c.objc; path = "NSCalendar+Juncture.m"; sourceTree = "<group>"; };
		466A3AC517CAF3B900056F16 /* NSCalendar+Ranges.h */ = {isa = PBXFileReference; fileEncoding = 4; lastKnownFileType = sourcecode.c.h; path = "NSCalendar+Ranges.h"; sourceTree = "<group>"; };
		466A3AC617CAF3B900056F16 /* NSCalendar+Ranges.m */ = {isa = PBXFileReference; fileEncoding = 4; lastKnownFileType = sourcecode.c.objc; path = "NSCalendar+Ranges.m"; sourceTree = "<group>"; };
		466A3AC817CAF3B900056F16 /* NSDate+Components.h */ = {isa = PBXFileReference; fileEncoding = 4; lastKnownFileType = sourcecode.c.h; path = "NSDate+Components.h"; sourceTree = "<group>"; };
		466A3AC917CAF3B900056F16 /* NSDate+Components.m */ = {isa = PBXFileReference; fileEncoding = 4; lastKnownFileType = sourcecode.c.objc; path = "NSDate+Components.m"; sourceTree = "<group>"; };
		466A3ACA17CAF3B900056F16 /* NSDate+Description.h */ = {isa = PBXFileReference; fileEncoding = 4; lastKnownFileType = sourcecode.c.h; path = "NSDate+Description.h"; sourceTree = "<group>"; };
		466A3ACB17CAF3B900056F16 /* NSDate+Description.m */ = {isa = PBXFileReference; fileEncoding = 4; lastKnownFileType = sourcecode.c.objc; path = "NSDate+Description.m"; sourceTree = "<group>"; };
		466A3ACD17CAF3B900056F16 /* NSDateComponents+AllComponents.h */ = {isa = PBXFileReference; fileEncoding = 4; lastKnownFileType = sourcecode.c.h; path = "NSDateComponents+AllComponents.h"; sourceTree = "<group>"; };
		466A3ACE17CAF3B900056F16 /* NSDateComponents+AllComponents.m */ = {isa = PBXFileReference; fileEncoding = 4; lastKnownFileType = sourcecode.c.objc; path = "NSDateComponents+AllComponents.m"; sourceTree = "<group>"; };
		466A3AD217CAF3B900056F16 /* KCJewishCalendar.h */ = {isa = PBXFileReference; fileEncoding = 4; lastKnownFileType = sourcecode.c.h; path = KCJewishCalendar.h; sourceTree = "<group>"; };
		466A3AD317CAF3B900056F16 /* KCJewishCalendar.m */ = {isa = PBXFileReference; fileEncoding = 4; lastKnownFileType = sourcecode.c.objc; path = KCJewishCalendar.m; sourceTree = "<group>"; };
		466A3AD517CAF3B900056F16 /* KCDaf.h */ = {isa = PBXFileReference; fileEncoding = 4; lastKnownFileType = sourcecode.c.h; path = KCDaf.h; sourceTree = "<group>"; };
		466A3AD617CAF3B900056F16 /* KCDaf.m */ = {isa = PBXFileReference; fileEncoding = 4; lastKnownFileType = sourcecode.c.objc; path = KCDaf.m; sourceTree = "<group>"; };
		466A3AD717CAF3B900056F16 /* KCDafYomiCalculator.h */ = {isa = PBXFileReference; fileEncoding = 4; lastKnownFileType = sourcecode.c.h; path = KCDafYomiCalculator.h; sourceTree = "<group>"; };
		466A3AD817CAF3B900056F16 /* KCDafYomiCalculator.m */ = {isa = PBXFileReference; fileEncoding = 4; lastKnownFileType = sourcecode.c.objc; path = KCDafYomiCalculator.m; sourceTree = "<group>"; };
		466A3ADA17CAF3B900056F16 /* KCParasha.h */ = {isa = PBXFileReference; fileEncoding = 4; lastKnownFileType = sourcecode.c.h; path = KCParasha.h; sourceTree = "<group>"; };
		466A3ADB17CAF3B900056F16 /* KCParasha.m */ = {isa = PBXFileReference; fileEncoding = 4; lastKnownFileType = sourcecode.c.objc; path = KCParasha.m; sourceTree = "<group>"; };
		466A3ADC17CAF3B900056F16 /* KCParashatHashavuaCalculator.h */ = {isa = PBXFileReference; fileEncoding = 4; lastKnownFileType = sourcecode.c.h; path = KCParashatHashavuaCalculator.h; sourceTree = "<group>"; };
		466A3ADD17CAF3B900056F16 /* KCParashatHashavuaCalculator.m */ = {isa = PBXFileReference; fileEncoding = 4; lastKnownFileType = sourcecode.c.objc; path = KCParashatHashavuaCalculator.m; sourceTree = "<group>"; };
		466A3AE117CAF3B900056F16 /* KCSefiratHaomerCalculator.h */ = {isa = PBXFileReference; fileEncoding = 4; lastKnownFileType = sourcecode.c.h; path = KCSefiratHaomerCalculator.h; sourceTree = "<group>"; };
		466A3AE217CAF3B900056F16 /* KCSefiratHaomerCalculator.m */ = {isa = PBXFileReference; fileEncoding = 4; lastKnownFileType = sourcecode.c.objc; path = KCSefiratHaomerCalculator.m; sourceTree = "<group>"; };
		466A3AE417CAF3B900056F16 /* KCComplexZmanimCalendar.h */ = {isa = PBXFileReference; fileEncoding = 4; lastKnownFileType = sourcecode.c.h; path = KCComplexZmanimCalendar.h; sourceTree = "<group>"; };
		466A3AE517CAF3B900056F16 /* KCComplexZmanimCalendar.m */ = {isa = PBXFileReference; fileEncoding = 4; lastKnownFileType = sourcecode.c.objc; path = KCComplexZmanimCalendar.m; sourceTree = "<group>"; };
		466A3AE617CAF3B900056F16 /* KCZmanimCalendar.h */ = {isa = PBXFileReference; fileEncoding = 4; lastKnownFileType = sourcecode.c.h; path = KCZmanimCalendar.h; sourceTree = "<group>"; };
		466A3AE717CAF3B900056F16 /* KCZmanimCalendar.m */ = {isa = PBXFileReference; fileEncoding = 4; lastKnownFileType = sourcecode.c.objc; path = KCZmanimCalendar.m; sourceTree = "<group>"; };
		466A3AE917CAF3B900056F16 /* KCAstronomicalCalculator.h */ = {isa = PBXFileReference; fileEncoding = 4; lastKnownFileType = sourcecode.c.h; path = KCAstronomicalCalculator.h; sourceTree = "<group>"; };
		466A3AEA17CAF3B900056F16 /* KCAstronomicalCalculator.m */ = {isa = PBXFileReference; fileEncoding = 4; lastKnownFileType = sourcecode.c.objc; path = KCAstronomicalCalculator.m; sourceTree = "<group>"; };
		466A3AEB17CAF3B900056F16 /* KCAstronomicalCalendar.h */ = {isa = PBXFileReference; fileEncoding = 4; lastKnownFileType = sourcecode.c.h; path = KCAstronomicalCalendar.h; sourceTree = "<group>"; };
		466A3AEC17CAF3B900056F16 /* KCAstronomicalCalendar.m */ = {isa = PBXFileReference; fileEncoding = 4; lastKnownFileType = sourcecode.c.objc; path = KCAstronomicalCalendar.m; sourceTree = "<group>"; };
		466A3AED17CAF3B900056F16 /* KCGeoLocation.h */ = {isa = PBXFileReference; fileEncoding = 4; lastKnownFileType = sourcecode.c.h; path = KCGeoLocation.h; sourceTree = "<group>"; };
		466A3AEE17CAF3B900056F16 /* KCGeoLocation.m */ = {isa = PBXFileReference; fileEncoding = 4; lastKnownFileType = sourcecode.c.objc; path = KCGeoLocation.m; sourceTree = "<group>"; };
		466A3AEF17CAF3B900056F16 /* KCSunriseAndSunsetCalculator.h */ = {isa = PBXFileReference; fileEncoding = 4; lastKnownFileType = sourcecode.c.h; path = KCSunriseAndSunsetCalculator.h; sourceTree = "<group>"; };
		466A3AF017CAF3B900056F16 /* KCSunriseAndSunsetCalculator.m */ = {isa = PBXFileReference; fileEncoding = 4; lastKnownFileType = sourcecode.c.objc; path = KCSunriseAndSunsetCalculator.m; sourceTree = "<group>"; };
		466A3AF217CAF3B900056F16 /* trigonometry.c */ = {isa = PBXFileReference; fileEncoding = 4; lastKnownFileType = sourcecode.c.c; path = trigonometry.c; sourceTree = "<group>"; };
		466A3AF317CAF3B900056F16 /* trigonometry.h */ = {isa = PBXFileReference; fileEncoding = 4; lastKnownFileType = sourcecode.c.h; path = trigonometry.h; sourceTree = "<group>"; };
		466A3AF517CAF3B900056F16 /* KCAstronomical.h */ = {isa = PBXFileReference; fileEncoding = 4; lastKnownFileType = sourcecode.c.h; path = KCAstronomical.h; sourceTree = "<group>"; };
		466A3AF617CAF3B900056F16 /* KCBearing.h */ = {isa = PBXFileReference; fileEncoding = 4; lastKnownFileType = sourcecode.c.h; path = KCBearing.h; sourceTree = "<group>"; };
		466A3AF717CAF3B900056F16 /* KCConstants.h */ = {isa = PBXFileReference; fileEncoding = 4; lastKnownFileType = sourcecode.c.h; path = KCConstants.h; sourceTree = "<group>"; };
		466A3AF817CAF3B900056F16 /* KCHebrewYear.h */ = {isa = PBXFileReference; fileEncoding = 4; lastKnownFileType = sourcecode.c.h; path = KCHebrewYear.h; sourceTree = "<group>"; };
		466A3AF917CAF3B900056F16 /* KCJewishHolidays.h */ = {isa = PBXFileReference; fileEncoding = 4; lastKnownFileType = sourcecode.c.h; path = KCJewishHolidays.h; sourceTree = "<group>"; };
		466A3AFA17CAF3B900056F16 /* KCMolad.h */ = {isa = PBXFileReference; fileEncoding = 4; lastKnownFileType = sourcecode.c.h; path = KCMolad.h; sourceTree = "<group>"; };
		466A3AFB17CAF3B900056F16 /* KCSunCalculationTypes.h */ = {isa = PBXFileReference; fileEncoding = 4; lastKnownFileType = sourcecode.c.h; path = KCSunCalculationTypes.h; sourceTree = "<group>"; };
		466A3AFC17CAF3B900056F16 /* KCZenith.h */ = {isa = PBXFileReference; fileEncoding = 4; lastKnownFileType = sourcecode.c.h; path = KCZenith.h; sourceTree = "<group>"; };
		466A3AFD17CAF3B900056F16 /* KCZenithExtended.h */ = {isa = PBXFileReference; fileEncoding = 4; lastKnownFileType = sourcecode.c.h; path = KCZenithExtended.h; sourceTree = "<group>"; };
		466A3AFE17CAF3B900056F16 /* KosherCocoa.h */ = {isa = PBXFileReference; fileEncoding = 4; lastKnownFileType = sourcecode.c.h; path = KosherCocoa.h; sourceTree = "<group>"; };
		466A3B2D17CB9CD900056F16 /* NSDate+ConvenientDates.h */ = {isa = PBXFileReference; fileEncoding = 4; lastKnownFileType = sourcecode.c.h; path = "NSDate+ConvenientDates.h"; sourceTree = "<group>"; };
		466A3B2E17CB9CD900056F16 /* NSDate+ConvenientDates.m */ = {isa = PBXFileReference; fileEncoding = 4; lastKnownFileType = sourcecode.c.objc; path = "NSDate+ConvenientDates.m"; sourceTree = "<group>"; };
		466BF887190870A9004F19A5 /* Solar.h */ = {isa = PBXFileReference; fileEncoding = 4; lastKnownFileType = sourcecode.c.h; path = Solar.h; sourceTree = "<group>"; };
		466BF8881908723E004F19A5 /* Calendar.h */ = {isa = PBXFileReference; fileEncoding = 4; lastKnownFileType = sourcecode.c.h; path = Calendar.h; sourceTree = "<group>"; };
		468C006E17F1E3450070CDB5 /* KCTractates.h */ = {isa = PBXFileReference; fileEncoding = 4; lastKnownFileType = sourcecode.c.h; path = KCTractates.h; sourceTree = "<group>"; };
/* End PBXFileReference section */

/* Begin PBXFrameworksBuildPhase section */
		4618BB821664216E00AD3CE5 /* Frameworks */ = {
			isa = PBXFrameworksBuildPhase;
			buildActionMask = 2147483647;
			files = (
			);
			runOnlyForDeploymentPostprocessing = 0;
		};
		4618BB921664216F00AD3CE5 /* Frameworks */ = {
			isa = PBXFrameworksBuildPhase;
			buildActionMask = 2147483647;
			files = (
				4618BB9E1664216F00AD3CE5 /* libKosherCocoa.a in Frameworks */,
			);
			runOnlyForDeploymentPostprocessing = 0;
		};
/* End PBXFrameworksBuildPhase section */

/* Begin PBXGroup section */
		460699E6182172BC008DA62C /* KosherCocoa */ = {
			isa = PBXGroup;
			children = (
				460699E3182172B9008DA62C /* KCAstronomicalCalendar+DateManipulation.h */,
				460699E4182172B9008DA62C /* KCAstronomicalCalendar+DateManipulation.m */,
			);
			name = KosherCocoa;
			path = ../../..;
			sourceTree = "<group>";
		};
		4618BB7A1664216E00AD3CE5 = {
			isa = PBXGroup;
			children = (
				4618BB8A1664216E00AD3CE5 /* KosherCocoa */,
				4618BB9F1664216F00AD3CE5 /* KosherCocoaTests */,
				4618BB861664216E00AD3CE5 /* Products */,
			);
			sourceTree = "<group>";
		};
		4618BB861664216E00AD3CE5 /* Products */ = {
			isa = PBXGroup;
			children = (
				4618BB851664216E00AD3CE5 /* libKosherCocoa.a */,
				4618BB961664216F00AD3CE5 /* KosherCocoaTests.xctest */,
			);
			name = Products;
			sourceTree = "<group>";
		};
		4618BB8A1664216E00AD3CE5 /* KosherCocoa */ = {
			isa = PBXGroup;
			children = (
				4668A4FB17DCFC5C00EB4169 /* java */,
				466A3AB617CAF3B900056F16 /* Library */,
				4618BB8B1664216E00AD3CE5 /* Supporting Files */,
			);
			path = KosherCocoa;
			sourceTree = "<group>";
		};
		4618BB8B1664216E00AD3CE5 /* Supporting Files */ = {
			isa = PBXGroup;
			children = (
				4618BB8C1664216E00AD3CE5 /* KosherCocoa-Prefix.pch */,
			);
			name = "Supporting Files";
			sourceTree = "<group>";
		};
		4618BB9F1664216F00AD3CE5 /* KosherCocoaTests */ = {
			isa = PBXGroup;
			children = (
				4618BBA51664216F00AD3CE5 /* KosherCocoaTests.h */,
				4618BBA61664216F00AD3CE5 /* KosherCocoaTests.m */,
				4618BBA01664216F00AD3CE5 /* Supporting Files */,
				4610DD9018086BB40055A4F9 /* TODO */,
			);
			path = KosherCocoaTests;
			sourceTree = "<group>";
		};
		4618BBA01664216F00AD3CE5 /* Supporting Files */ = {
			isa = PBXGroup;
			children = (
				4618BBA11664216F00AD3CE5 /* KosherCocoaTests-Info.plist */,
				4618BBA21664216F00AD3CE5 /* InfoPlist.strings */,
			);
			name = "Supporting Files";
			sourceTree = "<group>";
		};
		4668A4FB17DCFC5C00EB4169 /* java */ = {
			isa = PBXGroup;
			children = (
				4668A4FC17DCFC5C00EB4169 /* zmanim */,
			);
			path = java;
			sourceTree = "<group>";
		};
		4668A4FC17DCFC5C00EB4169 /* zmanim */ = {
			isa = PBXGroup;
			children = (
				4668A4FD17DCFC5C00EB4169 /* AstronomicalCalendar.java */,
				4668A4FE17DCFC5C00EB4169 /* ComplexZmanimCalendar.java */,
				4668A4FF17DCFC5C00EB4169 /* hebrewcalendar */,
				4668A50617DCFC5C00EB4169 /* package.html */,
				4668A50717DCFC5C00EB4169 /* util */,
				4668A51217DCFC5C00EB4169 /* ZmanimCalendar.java */,
			);
			path = zmanim;
			sourceTree = "<group>";
		};
		4668A4FF17DCFC5C00EB4169 /* hebrewcalendar */ = {
			isa = PBXGroup;
			children = (
				4668A50017DCFC5C00EB4169 /* Daf.java */,
				4668A50117DCFC5C00EB4169 /* HebrewDateFormatter.java */,
				4668A50217DCFC5C00EB4169 /* JewishCalendar.java */,
				4668A50317DCFC5C00EB4169 /* JewishDate.java */,
				4668A50417DCFC5C00EB4169 /* package.html */,
				4668A50517DCFC5C00EB4169 /* YomiCalculator.java */,
			);
			path = hebrewcalendar;
			sourceTree = "<group>";
		};
		4668A50717DCFC5C00EB4169 /* util */ = {
			isa = PBXGroup;
			children = (
				4668A50817DCFC5C00EB4169 /* AstronomicalCalculator.java */,
				4668A50917DCFC5C00EB4169 /* GeoLocation.java */,
				4668A50A17DCFC5C00EB4169 /* GeoLocationUtils.java */,
				4668A50B17DCFC5C00EB4169 /* NOAACalculator.java */,
				4668A50C17DCFC5C00EB4169 /* package.html */,
				4668A50D17DCFC5C00EB4169 /* SunTimesCalculator.java */,
				4668A50E17DCFC5C00EB4169 /* Time.java */,
				4668A50F17DCFC5C00EB4169 /* Zman.java */,
				4668A51017DCFC5C00EB4169 /* ZmanimCalculator.java */,
				4668A51117DCFC5C00EB4169 /* ZmanimFormatter.java */,
			);
			path = util;
			sourceTree = "<group>";
		};
		466A3AB617CAF3B900056F16 /* Library */ = {
			isa = PBXGroup;
			children = (
				466A3AB717CAF3B900056F16 /* Categories */,
				466A3ACF17CAF3B900056F16 /* Core */,
				466A3AF417CAF3B900056F16 /* Headers */,
				466A3AFE17CAF3B900056F16 /* KosherCocoa.h */,
			);
			path = Library;
			sourceTree = "<group>";
		};
		466A3AB717CAF3B900056F16 /* Categories */ = {
			isa = PBXGroup;
			children = (
				460699E6182172BC008DA62C /* KosherCocoa */,
				466A3AB817CAF3B900056F16 /* Foundation */,
			);
			path = Categories;
			sourceTree = "<group>";
		};
		466A3AB817CAF3B900056F16 /* Foundation */ = {
			isa = PBXGroup;
			children = (
				466A3AB917CAF3B900056F16 /* MBCalendarCategories.h */,
				466A3ABA17CAF3B900056F16 /* NSCalendar */,
				466A3AC717CAF3B900056F16 /* NSDate */,
				466A3ACC17CAF3B900056F16 /* NSDateComponents */,
			);
			path = Foundation;
			sourceTree = "<group>";
		};
		466A3ABA17CAF3B900056F16 /* NSCalendar */ = {
			isa = PBXGroup;
			children = (
				466A3ABB17CAF3B900056F16 /* NSCalendar+Components.h */,
				466A3ABC17CAF3B900056F16 /* NSCalendar+Components.m */,
				466A3ABD17CAF3B900056F16 /* NSCalendar+DateComparison.h */,
				466A3ABE17CAF3B900056F16 /* NSCalendar+DateComparison.m */,
				466A3ABF17CAF3B900056F16 /* NSCalendar+DateManipulation.h */,
				466A3AC017CAF3B900056F16 /* NSCalendar+DateManipulation.m */,
				466A3AC117CAF3B900056F16 /* NSCalendar+hebrewYearTypes.h */,
				466A3AC217CAF3B900056F16 /* NSCalendar+hebrewYearTypes.m */,
				466A3AC317CAF3B900056F16 /* NSCalendar+Juncture.h */,
				466A3AC417CAF3B900056F16 /* NSCalendar+Juncture.m */,
				466A3AC517CAF3B900056F16 /* NSCalendar+Ranges.h */,
				466A3AC617CAF3B900056F16 /* NSCalendar+Ranges.m */,
			);
			path = NSCalendar;
			sourceTree = "<group>";
		};
		466A3AC717CAF3B900056F16 /* NSDate */ = {
			isa = PBXGroup;
			children = (
				466A3AC817CAF3B900056F16 /* NSDate+Components.h */,
				466A3AC917CAF3B900056F16 /* NSDate+Components.m */,
				466A3B2D17CB9CD900056F16 /* NSDate+ConvenientDates.h */,
				466A3B2E17CB9CD900056F16 /* NSDate+ConvenientDates.m */,
				466A3ACA17CAF3B900056F16 /* NSDate+Description.h */,
				466A3ACB17CAF3B900056F16 /* NSDate+Description.m */,
			);
			path = NSDate;
			sourceTree = "<group>";
		};
		466A3ACC17CAF3B900056F16 /* NSDateComponents */ = {
			isa = PBXGroup;
			children = (
				466A3ACD17CAF3B900056F16 /* NSDateComponents+AllComponents.h */,
				466A3ACE17CAF3B900056F16 /* NSDateComponents+AllComponents.m */,
			);
			path = NSDateComponents;
			sourceTree = "<group>";
		};
		466A3ACF17CAF3B900056F16 /* Core */ = {
			isa = PBXGroup;
			children = (
				466A3AD017CAF3B900056F16 /* Calendar */,
				466A3AE817CAF3B900056F16 /* Solar */,
				466A3AF117CAF3B900056F16 /* Utilities */,
			);
			path = Core;
			sourceTree = "<group>";
		};
		466A3AD017CAF3B900056F16 /* Calendar */ = {
			isa = PBXGroup;
			children = (
				466A3AD117CAF3B900056F16 /* Chagim */,
				466A3AD417CAF3B900056F16 /* Daf Yomi */,
				466A3AD917CAF3B900056F16 /* Parasha */,
				466A3ADE17CAF3B900056F16 /* Sefira */,
				466A3AE317CAF3B900056F16 /* Zmanim */,
				466BF8881908723E004F19A5 /* Calendar.h */,
			);
			path = Calendar;
			sourceTree = "<group>";
		};
		466A3AD117CAF3B900056F16 /* Chagim */ = {
			isa = PBXGroup;
			children = (
				466A3AD217CAF3B900056F16 /* KCJewishCalendar.h */,
				466A3AD317CAF3B900056F16 /* KCJewishCalendar.m */,
			);
			path = Chagim;
			sourceTree = "<group>";
		};
		466A3AD417CAF3B900056F16 /* Daf Yomi */ = {
			isa = PBXGroup;
			children = (
				466A3AD517CAF3B900056F16 /* KCDaf.h */,
				466A3AD617CAF3B900056F16 /* KCDaf.m */,
				466A3AD717CAF3B900056F16 /* KCDafYomiCalculator.h */,
				466A3AD817CAF3B900056F16 /* KCDafYomiCalculator.m */,
			);
			path = "Daf Yomi";
			sourceTree = "<group>";
		};
		466A3AD917CAF3B900056F16 /* Parasha */ = {
			isa = PBXGroup;
			children = (
				466A3ADA17CAF3B900056F16 /* KCParasha.h */,
				466A3ADB17CAF3B900056F16 /* KCParasha.m */,
				466A3ADC17CAF3B900056F16 /* KCParashatHashavuaCalculator.h */,
				466A3ADD17CAF3B900056F16 /* KCParashatHashavuaCalculator.m */,
			);
			path = Parasha;
			sourceTree = "<group>";
		};
		466A3ADE17CAF3B900056F16 /* Sefira */ = {
			isa = PBXGroup;
			children = (
				460AAF4E18187BA00033AABF /* KCSefiraFormatter.h */,
				460AAF4F18187BA00033AABF /* KCSefiraFormatter.m */,
				466A3AE117CAF3B900056F16 /* KCSefiratHaomerCalculator.h */,
				466A3AE217CAF3B900056F16 /* KCSefiratHaomerCalculator.m */,
			);
			path = Sefira;
			sourceTree = "<group>";
		};
		466A3AE317CAF3B900056F16 /* Zmanim */ = {
			isa = PBXGroup;
			children = (
				466A3AE417CAF3B900056F16 /* KCComplexZmanimCalendar.h */,
				466A3AE517CAF3B900056F16 /* KCComplexZmanimCalendar.m */,
				466A3AE617CAF3B900056F16 /* KCZmanimCalendar.h */,
				466A3AE717CAF3B900056F16 /* KCZmanimCalendar.m */,
			);
			path = Zmanim;
			sourceTree = "<group>";
		};
		466A3AE817CAF3B900056F16 /* Solar */ = {
			isa = PBXGroup;
			children = (
				466BF887190870A9004F19A5 /* Solar.h */,
				466A3AE917CAF3B900056F16 /* KCAstronomicalCalculator.h */,
				466A3AEA17CAF3B900056F16 /* KCAstronomicalCalculator.m */,
				466A3AEB17CAF3B900056F16 /* KCAstronomicalCalendar.h */,
				466A3AEC17CAF3B900056F16 /* KCAstronomicalCalendar.m */,
				466A3AED17CAF3B900056F16 /* KCGeoLocation.h */,
				466A3AEE17CAF3B900056F16 /* KCGeoLocation.m */,
				466A3AEF17CAF3B900056F16 /* KCSunriseAndSunsetCalculator.h */,
				466A3AF017CAF3B900056F16 /* KCSunriseAndSunsetCalculator.m */,
			);
			path = Solar;
			sourceTree = "<group>";
		};
		466A3AF117CAF3B900056F16 /* Utilities */ = {
			isa = PBXGroup;
			children = (
				466A3AF217CAF3B900056F16 /* trigonometry.c */,
				466A3AF317CAF3B900056F16 /* trigonometry.h */,
			);
			path = Utilities;
			sourceTree = "<group>";
		};
		466A3AF417CAF3B900056F16 /* Headers */ = {
			isa = PBXGroup;
			children = (
				466A3AF517CAF3B900056F16 /* KCAstronomical.h */,
				466A3AF617CAF3B900056F16 /* KCBearing.h */,
				466A3AF717CAF3B900056F16 /* KCConstants.h */,
				466A3AF817CAF3B900056F16 /* KCHebrewYear.h */,
				466A3AF917CAF3B900056F16 /* KCJewishHolidays.h */,
				466A3AFA17CAF3B900056F16 /* KCMolad.h */,
				466A3AFB17CAF3B900056F16 /* KCSunCalculationTypes.h */,
				468C006E17F1E3450070CDB5 /* KCTractates.h */,
				466A3AFC17CAF3B900056F16 /* KCZenith.h */,
				466A3AFD17CAF3B900056F16 /* KCZenithExtended.h */,
				4610DD911808999A0055A4F9 /* KCParashaReadings.h */,
			);
			path = Headers;
			sourceTree = "<group>";
		};
/* End PBXGroup section */

/* Begin PBXNativeTarget section */
		4618BB841664216E00AD3CE5 /* KosherCocoa */ = {
			isa = PBXNativeTarget;
			buildConfigurationList = 4618BBAA1664216F00AD3CE5 /* Build configuration list for PBXNativeTarget "KosherCocoa" */;
			buildPhases = (
				4618BB811664216E00AD3CE5 /* Sources */,
				4618BB821664216E00AD3CE5 /* Frameworks */,
				4618BB831664216E00AD3CE5 /* CopyFiles */,
				4686780517DD013B0072AA03 /* ShellScript */,
			);
			buildRules = (
			);
			dependencies = (
			);
			name = KosherCocoa;
			productName = KosherCocoa;
			productReference = 4618BB851664216E00AD3CE5 /* libKosherCocoa.a */;
			productType = "com.apple.product-type.library.static";
		};
		4618BB951664216F00AD3CE5 /* KosherCocoaTests */ = {
			isa = PBXNativeTarget;
			buildConfigurationList = 4618BBAD1664216F00AD3CE5 /* Build configuration list for PBXNativeTarget "KosherCocoaTests" */;
			buildPhases = (
				4618BB911664216F00AD3CE5 /* Sources */,
				4618BB921664216F00AD3CE5 /* Frameworks */,
				4618BB931664216F00AD3CE5 /* Resources */,
				4618BB941664216F00AD3CE5 /* ShellScript */,
			);
			buildRules = (
			);
			dependencies = (
				4618BB9D1664216F00AD3CE5 /* PBXTargetDependency */,
			);
			name = KosherCocoaTests;
			productName = KosherCocoaTests;
			productReference = 4618BB961664216F00AD3CE5 /* KosherCocoaTests.xctest */;
			productType = "com.apple.product-type.bundle.unit-test";
		};
/* End PBXNativeTarget section */

/* Begin PBXProject section */
		4618BB7C1664216E00AD3CE5 /* Project object */ = {
			isa = PBXProject;
			attributes = {
				CLASSPREFIX = KC;
				LastTestingUpgradeCheck = 0510;
				LastUpgradeCheck = 0500;
				ORGANIZATIONNAME = "Moshe Berman";
			};
			buildConfigurationList = 4618BB7F1664216E00AD3CE5 /* Build configuration list for PBXProject "KosherCocoa" */;
			compatibilityVersion = "Xcode 3.2";
			developmentRegion = English;
			hasScannedForEncodings = 0;
			knownRegions = (
				en,
			);
			mainGroup = 4618BB7A1664216E00AD3CE5;
			productRefGroup = 4618BB861664216E00AD3CE5 /* Products */;
			projectDirPath = "";
			projectRoot = "";
			targets = (
				4618BB841664216E00AD3CE5 /* KosherCocoa */,
				4618BB951664216F00AD3CE5 /* KosherCocoaTests */,
			);
		};
/* End PBXProject section */

/* Begin PBXResourcesBuildPhase section */
		4618BB931664216F00AD3CE5 /* Resources */ = {
			isa = PBXResourcesBuildPhase;
			buildActionMask = 2147483647;
			files = (
				4618BBA41664216F00AD3CE5 /* InfoPlist.strings in Resources */,
			);
			runOnlyForDeploymentPostprocessing = 0;
		};
/* End PBXResourcesBuildPhase section */

/* Begin PBXShellScriptBuildPhase section */
		4618BB941664216F00AD3CE5 /* ShellScript */ = {
			isa = PBXShellScriptBuildPhase;
			buildActionMask = 2147483647;
			files = (
			);
			inputPaths = (
			);
			outputPaths = (
			);
			runOnlyForDeploymentPostprocessing = 0;
			shellPath = /bin/sh;
			shellScript = "# Run the unit tests in this test bundle.\n\"${SYSTEM_DEVELOPER_DIR}/Tools/RunUnitTests\"\n";
		};
		4686780517DD013B0072AA03 /* ShellScript */ = {
			isa = PBXShellScriptBuildPhase;
			buildActionMask = 2147483647;
			files = (
			);
			inputPaths = (
			);
			outputPaths = (
			);
			runOnlyForDeploymentPostprocessing = 0;
			shellPath = /bin/sh;
			shellScript = "#appledoc Xcode script\n# Start constants\ncompany=\"KosherCocoa\";\ncompanyID=\"com.mosheberman\";\ncompanyURL=\"http://mosheberman.com\";\ntarget=\"iphoneos\";\n#target=\"macosx\";\noutputPath=\"~/help\";\n# End constants\n/usr/local/bin/appledoc \\\n--project-name \"${PROJECT_NAME}\" \\\n--project-company \"${company}\" \\\n--company-id \"${companyID}\" \\\n--docset-atom-filename \"${company}.atom\" \\\n--docset-feed-url \"${companyURL}/${company}/%DOCSETATOMFILENAME\" \\\n--docset-package-url \"${companyURL}/${company}/%DOCSETPACKAGEFILENAME\" \\\n--docset-fallback-url \"${companyURL}/${company}\" \\\n--output \"${outputPath}\" \\\n--publish-docset \\\n--docset-platform-family \"${target}\" \\\n--logformat xcode \\\n--keep-intermediate-files \\\n--no-repeat-first-par \\\n--no-warn-invalid-crossref \\\n--exit-threshold 2 \\\n\"${PROJECT_DIR}\"";
		};
/* End PBXShellScriptBuildPhase section */

/* Begin PBXSourcesBuildPhase section */
		4618BB811664216E00AD3CE5 /* Sources */ = {
			isa = PBXSourcesBuildPhase;
			buildActionMask = 2147483647;
			files = (
				466A3AFF17CAF3B900056F16 /* NSCalendar+Components.m in Sources */,
				466A3B0117CAF3B900056F16 /* NSCalendar+DateComparison.m in Sources */,
				460699E5182172B9008DA62C /* KCAstronomicalCalendar+DateManipulation.m in Sources */,
				466A3B0317CAF3B900056F16 /* NSCalendar+DateManipulation.m in Sources */,
				466A3B0517CAF3B900056F16 /* NSCalendar+hebrewYearTypes.m in Sources */,
				466A3B0717CAF3B900056F16 /* NSCalendar+Juncture.m in Sources */,
				466A3B0917CAF3B900056F16 /* NSCalendar+Ranges.m in Sources */,
				466A3B0B17CAF3B900056F16 /* NSDate+Components.m in Sources */,
				466A3B0D17CAF3B900056F16 /* NSDate+Description.m in Sources */,
				466A3B0F17CAF3B900056F16 /* NSDateComponents+AllComponents.m in Sources */,
				466A3B1117CAF3B900056F16 /* KCJewishCalendar.m in Sources */,
				466A3B1317CAF3B900056F16 /* KCDaf.m in Sources */,
				466A3B1517CAF3B900056F16 /* KCDafYomiCalculator.m in Sources */,
				466A3B1717CAF3B900056F16 /* KCParasha.m in Sources */,
				460AAF5018187BA00033AABF /* KCSefiraFormatter.m in Sources */,
				466A3B1917CAF3B900056F16 /* KCParashatHashavuaCalculator.m in Sources */,
				466A3B1D17CAF3B900056F16 /* KCSefiratHaomerCalculator.m in Sources */,
				466A3B1F17CAF3B900056F16 /* KCComplexZmanimCalendar.m in Sources */,
				466A3B2117CAF3B900056F16 /* KCZmanimCalendar.m in Sources */,
				466A3B2317CAF3B900056F16 /* KCAstronomicalCalculator.m in Sources */,
				466A3B2517CAF3B900056F16 /* KCAstronomicalCalendar.m in Sources */,
				466A3B2717CAF3B900056F16 /* KCGeoLocation.m in Sources */,
				466A3B2917CAF3B900056F16 /* KCSunriseAndSunsetCalculator.m in Sources */,
				466A3B2B17CAF3B900056F16 /* trigonometry.c in Sources */,
				466A3B2F17CB9CD900056F16 /* NSDate+ConvenientDates.m in Sources */,
			);
			runOnlyForDeploymentPostprocessing = 0;
		};
		4618BB911664216F00AD3CE5 /* Sources */ = {
			isa = PBXSourcesBuildPhase;
			buildActionMask = 2147483647;
			files = (
				4618BBA71664216F00AD3CE5 /* KosherCocoaTests.m in Sources */,
				466A3B0017CAF3B900056F16 /* NSCalendar+Components.m in Sources */,
				466A3B0217CAF3B900056F16 /* NSCalendar+DateComparison.m in Sources */,
				466A3B0417CAF3B900056F16 /* NSCalendar+DateManipulation.m in Sources */,
				466A3B0617CAF3B900056F16 /* NSCalendar+hebrewYearTypes.m in Sources */,
				466A3B0817CAF3B900056F16 /* NSCalendar+Juncture.m in Sources */,
				466A3B0A17CAF3B900056F16 /* NSCalendar+Ranges.m in Sources */,
				466A3B0C17CAF3B900056F16 /* NSDate+Components.m in Sources */,
				466A3B0E17CAF3B900056F16 /* NSDate+Description.m in Sources */,
				466A3B1017CAF3B900056F16 /* NSDateComponents+AllComponents.m in Sources */,
				466A3B1217CAF3B900056F16 /* KCJewishCalendar.m in Sources */,
				466A3B1417CAF3B900056F16 /* KCDaf.m in Sources */,
				466A3B1617CAF3B900056F16 /* KCDafYomiCalculator.m in Sources */,
				466A3B1817CAF3B900056F16 /* KCParasha.m in Sources */,
				466A3B1A17CAF3B900056F16 /* KCParashatHashavuaCalculator.m in Sources */,
				466A3B1E17CAF3B900056F16 /* KCSefiratHaomerCalculator.m in Sources */,
				466A3B2017CAF3B900056F16 /* KCComplexZmanimCalendar.m in Sources */,
				466A3B2217CAF3B900056F16 /* KCZmanimCalendar.m in Sources */,
				466A3B2417CAF3B900056F16 /* KCAstronomicalCalculator.m in Sources */,
				466A3B2617CAF3B900056F16 /* KCAstronomicalCalendar.m in Sources */,
				466A3B2817CAF3B900056F16 /* KCGeoLocation.m in Sources */,
				466A3B2A17CAF3B900056F16 /* KCSunriseAndSunsetCalculator.m in Sources */,
				466A3B2C17CAF3B900056F16 /* trigonometry.c in Sources */,
				466A3B3017CB9CD900056F16 /* NSDate+ConvenientDates.m in Sources */,
			);
			runOnlyForDeploymentPostprocessing = 0;
		};
/* End PBXSourcesBuildPhase section */

/* Begin PBXTargetDependency section */
		4618BB9D1664216F00AD3CE5 /* PBXTargetDependency */ = {
			isa = PBXTargetDependency;
			target = 4618BB841664216E00AD3CE5 /* KosherCocoa */;
			targetProxy = 4618BB9C1664216F00AD3CE5 /* PBXContainerItemProxy */;
		};
/* End PBXTargetDependency section */

/* Begin PBXVariantGroup section */
		4618BBA21664216F00AD3CE5 /* InfoPlist.strings */ = {
			isa = PBXVariantGroup;
			children = (
				4618BBA31664216F00AD3CE5 /* en */,
			);
			name = InfoPlist.strings;
			sourceTree = "<group>";
		};
/* End PBXVariantGroup section */

/* Begin XCBuildConfiguration section */
		4618BBA81664216F00AD3CE5 /* Debug */ = {
			isa = XCBuildConfiguration;
			buildSettings = {
				ALWAYS_SEARCH_USER_PATHS = NO;
				CLANG_CXX_LANGUAGE_STANDARD = "gnu++0x";
				CLANG_CXX_LIBRARY = "libc++";
				CLANG_ENABLE_OBJC_ARC = YES;
				CLANG_WARN_EMPTY_BODY = YES;
				CLANG_WARN__DUPLICATE_METHOD_MATCH = YES;
				COPY_PHASE_STRIP = NO;
				GCC_C_LANGUAGE_STANDARD = gnu99;
				GCC_DYNAMIC_NO_PIC = NO;
				GCC_OPTIMIZATION_LEVEL = 0;
				GCC_PREPROCESSOR_DEFINITIONS = (
					"DEBUG=1",
					"$(inherited)",
				);
				GCC_SYMBOLS_PRIVATE_EXTERN = NO;
				GCC_WARN_ABOUT_RETURN_TYPE = YES;
				GCC_WARN_UNINITIALIZED_AUTOS = YES;
				GCC_WARN_UNUSED_VARIABLE = YES;
				IPHONEOS_DEPLOYMENT_TARGET = 6.0;
				ONLY_ACTIVE_ARCH = YES;
				SDKROOT = iphoneos;
			};
			name = Debug;
		};
		4618BBA91664216F00AD3CE5 /* Release */ = {
			isa = XCBuildConfiguration;
			buildSettings = {
				ALWAYS_SEARCH_USER_PATHS = NO;
				CLANG_CXX_LANGUAGE_STANDARD = "gnu++0x";
				CLANG_CXX_LIBRARY = "libc++";
				CLANG_ENABLE_OBJC_ARC = YES;
				CLANG_WARN_EMPTY_BODY = YES;
				CLANG_WARN__DUPLICATE_METHOD_MATCH = YES;
				COPY_PHASE_STRIP = YES;
				GCC_C_LANGUAGE_STANDARD = gnu99;
				GCC_WARN_ABOUT_RETURN_TYPE = YES;
				GCC_WARN_UNINITIALIZED_AUTOS = YES;
				GCC_WARN_UNUSED_VARIABLE = YES;
				IPHONEOS_DEPLOYMENT_TARGET = 6.0;
				SDKROOT = iphoneos;
				VALIDATE_PRODUCT = YES;
			};
			name = Release;
		};
		4618BBAB1664216F00AD3CE5 /* Debug */ = {
			isa = XCBuildConfiguration;
			buildSettings = {
				DSTROOT = /tmp/KosherCocoa.dst;
				GCC_PRECOMPILE_PREFIX_HEADER = YES;
				GCC_PREFIX_HEADER = "KosherCocoa/KosherCocoa-Prefix.pch";
				OTHER_LDFLAGS = "-ObjC";
				PRODUCT_NAME = "$(TARGET_NAME)";
				SKIP_INSTALL = YES;
			};
			name = Debug;
		};
		4618BBAC1664216F00AD3CE5 /* Release */ = {
			isa = XCBuildConfiguration;
			buildSettings = {
				DSTROOT = /tmp/KosherCocoa.dst;
				GCC_PRECOMPILE_PREFIX_HEADER = YES;
				GCC_PREFIX_HEADER = "KosherCocoa/KosherCocoa-Prefix.pch";
				OTHER_LDFLAGS = "-ObjC";
				PRODUCT_NAME = "$(TARGET_NAME)";
				SKIP_INSTALL = YES;
			};
			name = Release;
		};
		4618BBAE1664216F00AD3CE5 /* Debug */ = {
			isa = XCBuildConfiguration;
			buildSettings = {
				FRAMEWORK_SEARCH_PATHS = (
					"\"$(SDKROOT)/Developer/Library/Frameworks\"",
					"\"$(DEVELOPER_LIBRARY_DIR)/Frameworks\"",
					"$(inherited)",
				);
				GCC_PRECOMPILE_PREFIX_HEADER = YES;
				GCC_PREFIX_HEADER = "KosherCocoa/KosherCocoa-Prefix.pch";
				INFOPLIST_FILE = "KosherCocoaTests/KosherCocoaTests-Info.plist";
				PRODUCT_NAME = "$(TARGET_NAME)";
			};
			name = Debug;
		};
		4618BBAF1664216F00AD3CE5 /* Release */ = {
			isa = XCBuildConfiguration;
			buildSettings = {
				FRAMEWORK_SEARCH_PATHS = (
					"\"$(SDKROOT)/Developer/Library/Frameworks\"",
					"\"$(DEVELOPER_LIBRARY_DIR)/Frameworks\"",
					"$(inherited)",
				);
				GCC_PRECOMPILE_PREFIX_HEADER = YES;
				GCC_PREFIX_HEADER = "KosherCocoa/KosherCocoa-Prefix.pch";
				INFOPLIST_FILE = "KosherCocoaTests/KosherCocoaTests-Info.plist";
				PRODUCT_NAME = "$(TARGET_NAME)";
			};
			name = Release;
		};
/* End XCBuildConfiguration section */

/* Begin XCConfigurationList section */
		4618BB7F1664216E00AD3CE5 /* Build configuration list for PBXProject "KosherCocoa" */ = {
			isa = XCConfigurationList;
			buildConfigurations = (
				4618BBA81664216F00AD3CE5 /* Debug */,
				4618BBA91664216F00AD3CE5 /* Release */,
			);
			defaultConfigurationIsVisible = 0;
			defaultConfigurationName = Release;
		};
		4618BBAA1664216F00AD3CE5 /* Build configuration list for PBXNativeTarget "KosherCocoa" */ = {
			isa = XCConfigurationList;
			buildConfigurations = (
				4618BBAB1664216F00AD3CE5 /* Debug */,
				4618BBAC1664216F00AD3CE5 /* Release */,
			);
			defaultConfigurationIsVisible = 0;
			defaultConfigurationName = Release;
		};
		4618BBAD1664216F00AD3CE5 /* Build configuration list for PBXNativeTarget "KosherCocoaTests" */ = {
			isa = XCConfigurationList;
			buildConfigurations = (
				4618BBAE1664216F00AD3CE5 /* Debug */,
				4618BBAF1664216F00AD3CE5 /* Release */,
			);
			defaultConfigurationIsVisible = 0;
			defaultConfigurationName = Release;
		};
/* End XCConfigurationList section */
	};
	rootObject = 4618BB7C1664216E00AD3CE5 /* Project object */;
}
